PODS:
  - Crashlytics (3.9.3):
    - Fabric (~> 1.7.2)
  - Device (3.0.3)
  - Fabric (1.7.2)
  - Neon (0.4.0)
  - Realm (3.0.1):
    - Realm/Headers (= 3.0.1)
  - Realm/Headers (3.0.1)
  - RealmSwift (3.0.1):
    - Realm (= 3.0.1)
  - RxCocoa (4.0.0):
    - RxSwift (~> 4.0)
  - RxSwift (4.0.0)

DEPENDENCIES:
  - Crashlytics (= 3.9.3)
  - Device (= 3.0.3)
  - Fabric (= 1.7.2)
  - Neon (= 0.4.0)
  - RealmSwift (= 3.0.1)
  - RxCocoa (= 4.0.0)

SPEC CHECKSUMS:
  Crashlytics: dbb07d01876c171c5ccbdf7826410380189e452c
  Device: 9a5264ee4e0f392e7153d2c46b10c8df46b7aad2
  Fabric: 9cd6a848efcf1b8b07497e0b6a2e7d336353ba15
  Neon: 7fb5a9327e7e57911843f608e08f4893a74deaf9
  Realm: ba6144c74f835f7497791f6599d63a7755377b83
  RealmSwift: 7d13b1ac4b6022a13f841e3143e7789c9e40ad0d
  RxCocoa: d62846ca96495d862fa4c59ea7d87e5031d7340e
  RxSwift: fd680d75283beb5e2559486f3c0ff852f0d35334

PODFILE CHECKSUM: 3bf7b7ff2d2c459951ffa2d76cabf8bdb23cf799

COCOAPODS: 1.3.1
