PODS:
  - Crashlytics (3.9.0):
    - Fabric (~> 1.7.0)
  - Device (3.0.3)
  - Fabric (1.7.0)
  - Realm (3.0.1):
    - Realm/Headers (= 3.0.1)
  - Realm/Headers (3.0.1)
  - RealmSwift (3.0.1):
    - Realm (= 3.0.1)
  - RxCocoa (4.0.0):
    - RxSwift (~> 4.0)
  - RxSwift (4.0.0)

DEPENDENCIES:
  - Crashlytics (= 3.9.0)
  - Device (~> 3.0.3)
  - Fabric (= 1.7.0)
  - RealmSwift (= 3.0.1)
  - RxCocoa (= 4.0.0)

SPEC CHECKSUMS:
  Crashlytics: 64aad5dd97249dd3ff94b979fea140144590cdd3
  Device: 9a5264ee4e0f392e7153d2c46b10c8df46b7aad2
  Fabric: e6be012366472553807dada21243c5ab8d904151
  Realm: ba6144c74f835f7497791f6599d63a7755377b83
  RealmSwift: 7d13b1ac4b6022a13f841e3143e7789c9e40ad0d
  RxCocoa: d62846ca96495d862fa4c59ea7d87e5031d7340e
  RxSwift: fd680d75283beb5e2559486f3c0ff852f0d35334

PODFILE CHECKSUM: cbb9c0c58cc88559a31ddbed4b010f8e468a03ec

COCOAPODS: 1.3.1
