// !$*UTF8*$!
{
	archiveVersion = 1;
	classes = {
	};
	objectVersion = 48;
	objects = {

/* Begin PBXBuildFile section */
		1501F6C71F792A18000DCE0B /* AppDelegate.swift in Sources */ = {isa = PBXBuildFile; fileRef = 1501F6C61F792A18000DCE0B /* AppDelegate.swift */; };
		1501F6C91F792A18000DCE0B /* MainViewController.swift in Sources */ = {isa = PBXBuildFile; fileRef = 1501F6C81F792A18000DCE0B /* MainViewController.swift */; };
		1501F6CC1F792A19000DCE0B /* Main.storyboard in Resources */ = {isa = PBXBuildFile; fileRef = 1501F6CA1F792A19000DCE0B /* Main.storyboard */; };
		1501F6CE1F792A19000DCE0B /* Assets.xcassets in Resources */ = {isa = PBXBuildFile; fileRef = 1501F6CD1F792A19000DCE0B /* Assets.xcassets */; };
		1501F6D11F792A19000DCE0B /* LaunchScreen.storyboard in Resources */ = {isa = PBXBuildFile; fileRef = 1501F6CF1F792A19000DCE0B /* LaunchScreen.storyboard */; };
		150DC38A1FA9F129004F9BC4 /* UserDefaults+Extensions.swift in Sources */ = {isa = PBXBuildFile; fileRef = 150E16281F9E200600BB591A /* UserDefaults+Extensions.swift */; };
		150DC38B1FA9F12B004F9BC4 /* CALayer+Extensions.swift in Sources */ = {isa = PBXBuildFile; fileRef = 150E16221F9E012600BB591A /* CALayer+Extensions.swift */; };
		150DC38C1FA9F137004F9BC4 /* UIImage+Extensions.swift in Sources */ = {isa = PBXBuildFile; fileRef = 150E16201F9DFF7900BB591A /* UIImage+Extensions.swift */; };
		150DC39D1FAA0AD0004F9BC4 /* UIKit+Extensions.swift in Sources */ = {isa = PBXBuildFile; fileRef = 150DC39C1FAA0AD0004F9BC4 /* UIKit+Extensions.swift */; };
		150DC39E1FAA0CEF004F9BC4 /* UIKit+Extensions.swift in Sources */ = {isa = PBXBuildFile; fileRef = 150DC39C1FAA0AD0004F9BC4 /* UIKit+Extensions.swift */; };
		150DC3A01FAA1695004F9BC4 /* predefined.realm in Resources */ = {isa = PBXBuildFile; fileRef = 150DC39F1FAA1695004F9BC4 /* predefined.realm */; };
		150DC3A11FAA1695004F9BC4 /* predefined.realm in Resources */ = {isa = PBXBuildFile; fileRef = 150DC39F1FAA1695004F9BC4 /* predefined.realm */; };
		150E16181F9DF18C00BB591A /* TextField.swift in Sources */ = {isa = PBXBuildFile; fileRef = 150E16171F9DF18C00BB591A /* TextField.swift */; };
		150E161D1F9DFD8600BB591A /* Button.swift in Sources */ = {isa = PBXBuildFile; fileRef = 150E161C1F9DFD8600BB591A /* Button.swift */; };
		150E16211F9DFF7900BB591A /* UIImage+Extensions.swift in Sources */ = {isa = PBXBuildFile; fileRef = 150E16201F9DFF7900BB591A /* UIImage+Extensions.swift */; };
		150E16231F9E012600BB591A /* CALayer+Extensions.swift in Sources */ = {isa = PBXBuildFile; fileRef = 150E16221F9E012600BB591A /* CALayer+Extensions.swift */; };
		150E16251F9E140D00BB591A /* Storyboardable.swift in Sources */ = {isa = PBXBuildFile; fileRef = 150E16241F9E140D00BB591A /* Storyboardable.swift */; };
		150E16271F9E147700BB591A /* UIStoryboard+Extensions.swift in Sources */ = {isa = PBXBuildFile; fileRef = 150E16261F9E147700BB591A /* UIStoryboard+Extensions.swift */; };
		150E16291F9E200600BB591A /* UserDefaults+Extensions.swift in Sources */ = {isa = PBXBuildFile; fileRef = 150E16281F9E200600BB591A /* UserDefaults+Extensions.swift */; };
		150E162C1F9E21F200BB591A /* InstructionsViewController.swift in Sources */ = {isa = PBXBuildFile; fileRef = 150E162B1F9E21F200BB591A /* InstructionsViewController.swift */; };
		155082631FA8AE3B005113C3 /* ElementService.swift in Sources */ = {isa = PBXBuildFile; fileRef = 157697831F838C690051AD67 /* ElementService.swift */; };
		155082641FA8AE3B005113C3 /* RealmService.swift in Sources */ = {isa = PBXBuildFile; fileRef = 156D009A1F7E981D004C333F /* RealmService.swift */; };
		155082651FA8AE3B005113C3 /* SymbolService.swift in Sources */ = {isa = PBXBuildFile; fileRef = 157697801F838C5D0051AD67 /* SymbolService.swift */; };
		15531B161F83E27D00D4FA76 /* SF-UI-Display-Light.otf in Resources */ = {isa = PBXBuildFile; fileRef = 15531B001F83E26A00D4FA76 /* SF-UI-Display-Light.otf */; };
		15531B181F83E27D00D4FA76 /* SF-UI-Display-Heavy.otf in Resources */ = {isa = PBXBuildFile; fileRef = 15531B021F83E26A00D4FA76 /* SF-UI-Display-Heavy.otf */; };
		15531B191F83E27D00D4FA76 /* SF-UI-Display-Semibold.otf in Resources */ = {isa = PBXBuildFile; fileRef = 15531B031F83E26A00D4FA76 /* SF-UI-Display-Semibold.otf */; };
		15531B1A1F83E27D00D4FA76 /* SF-UI-Display-Regular.otf in Resources */ = {isa = PBXBuildFile; fileRef = 15531B041F83E26A00D4FA76 /* SF-UI-Display-Regular.otf */; };
		15531B1B1F83E27D00D4FA76 /* SF-UI-Display-Medium.otf in Resources */ = {isa = PBXBuildFile; fileRef = 15531B051F83E26A00D4FA76 /* SF-UI-Display-Medium.otf */; };
		15531B1C1F83E27D00D4FA76 /* SF-UI-Display-Black.otf in Resources */ = {isa = PBXBuildFile; fileRef = 15531B061F83E26A00D4FA76 /* SF-UI-Display-Black.otf */; };
		15531B1D1F83E27D00D4FA76 /* SF-UI-Display-Bold.otf in Resources */ = {isa = PBXBuildFile; fileRef = 15531B071F83E26A00D4FA76 /* SF-UI-Display-Bold.otf */; };
		15531B1F1F83E27D00D4FA76 /* SF-UI-Display-Light.otf in Resources */ = {isa = PBXBuildFile; fileRef = 15531B001F83E26A00D4FA76 /* SF-UI-Display-Light.otf */; };
		15531B211F83E27D00D4FA76 /* SF-UI-Display-Heavy.otf in Resources */ = {isa = PBXBuildFile; fileRef = 15531B021F83E26A00D4FA76 /* SF-UI-Display-Heavy.otf */; };
		15531B221F83E27D00D4FA76 /* SF-UI-Display-Semibold.otf in Resources */ = {isa = PBXBuildFile; fileRef = 15531B031F83E26A00D4FA76 /* SF-UI-Display-Semibold.otf */; };
		15531B231F83E27D00D4FA76 /* SF-UI-Display-Regular.otf in Resources */ = {isa = PBXBuildFile; fileRef = 15531B041F83E26A00D4FA76 /* SF-UI-Display-Regular.otf */; };
		15531B241F83E27D00D4FA76 /* SF-UI-Display-Medium.otf in Resources */ = {isa = PBXBuildFile; fileRef = 15531B051F83E26A00D4FA76 /* SF-UI-Display-Medium.otf */; };
		15531B251F83E27D00D4FA76 /* SF-UI-Display-Black.otf in Resources */ = {isa = PBXBuildFile; fileRef = 15531B061F83E26A00D4FA76 /* SF-UI-Display-Black.otf */; };
		15531B261F83E27D00D4FA76 /* SF-UI-Display-Bold.otf in Resources */ = {isa = PBXBuildFile; fileRef = 15531B071F83E26A00D4FA76 /* SF-UI-Display-Bold.otf */; };
		156D008A1F7D48A0004C333F /* KeyboardCategoriesCollectionViewCell.swift in Sources */ = {isa = PBXBuildFile; fileRef = 156D00881F7D48A0004C333F /* KeyboardCategoriesCollectionViewCell.swift */; };
		156D008B1F7D48A0004C333F /* KeyboardCategoriesCollectionViewCell.xib in Resources */ = {isa = PBXBuildFile; fileRef = 156D00891F7D48A0004C333F /* KeyboardCategoriesCollectionViewCell.xib */; };
		156D00911F7D49DC004C333F /* KeyboardElementsCollectionViewCell.swift in Sources */ = {isa = PBXBuildFile; fileRef = 156D008F1F7D49DC004C333F /* KeyboardElementsCollectionViewCell.swift */; };
		156D00921F7D49DC004C333F /* KeyboardElementsCollectionViewCell.xib in Resources */ = {isa = PBXBuildFile; fileRef = 156D00901F7D49DC004C333F /* KeyboardElementsCollectionViewCell.xib */; };
		156D00961F7D4A08004C333F /* KeyboardSymbolsCollectionViewCell.swift in Sources */ = {isa = PBXBuildFile; fileRef = 156D00941F7D4A08004C333F /* KeyboardSymbolsCollectionViewCell.swift */; };
		156D00971F7D4A08004C333F /* KeyboardSymbolsCollectionViewCell.xib in Resources */ = {isa = PBXBuildFile; fileRef = 156D00951F7D4A08004C333F /* KeyboardSymbolsCollectionViewCell.xib */; };
		156D009B1F7E981D004C333F /* RealmService.swift in Sources */ = {isa = PBXBuildFile; fileRef = 156D009A1F7E981D004C333F /* RealmService.swift */; };
		157697811F838C5D0051AD67 /* SymbolService.swift in Sources */ = {isa = PBXBuildFile; fileRef = 157697801F838C5D0051AD67 /* SymbolService.swift */; };
		157697841F838C690051AD67 /* ElementService.swift in Sources */ = {isa = PBXBuildFile; fileRef = 157697831F838C690051AD67 /* ElementService.swift */; };
		15A542321F792B1A00AFB14E /* KeyboardViewController.swift in Sources */ = {isa = PBXBuildFile; fileRef = 15A542311F792B1A00AFB14E /* KeyboardViewController.swift */; };
		15A542361F792B1A00AFB14E /* Keyboard.appex in Embed App Extensions */ = {isa = PBXBuildFile; fileRef = 15A5422F1F792B1A00AFB14E /* Keyboard.appex */; settings = {ATTRIBUTES = (RemoveHeadersOnCopy, ); }; };
		15BBC6DC1F7CFFB100A229BC /* Element.swift in Sources */ = {isa = PBXBuildFile; fileRef = 15BBC6DB1F7CFFB100A229BC /* Element.swift */; };
		15BBC6DD1F7CFFB100A229BC /* Element.swift in Sources */ = {isa = PBXBuildFile; fileRef = 15BBC6DB1F7CFFB100A229BC /* Element.swift */; };
		15BBC6E21F7D035A00A229BC /* ElementCategory.swift in Sources */ = {isa = PBXBuildFile; fileRef = 15BBC6E11F7D035A00A229BC /* ElementCategory.swift */; };
		15BBC6E31F7D035A00A229BC /* ElementCategory.swift in Sources */ = {isa = PBXBuildFile; fileRef = 15BBC6E11F7D035A00A229BC /* ElementCategory.swift */; };
		15BBC6E51F7D0EC900A229BC /* Symbol.swift in Sources */ = {isa = PBXBuildFile; fileRef = 15BBC6E41F7D0EC900A229BC /* Symbol.swift */; };
		15BBC6E61F7D0EC900A229BC /* Symbol.swift in Sources */ = {isa = PBXBuildFile; fileRef = 15BBC6E41F7D0EC900A229BC /* Symbol.swift */; };
		15BBC6E81F7D0F9600A229BC /* SymbolGroup.swift in Sources */ = {isa = PBXBuildFile; fileRef = 15BBC6E71F7D0F9600A229BC /* SymbolGroup.swift */; };
		15BBC6E91F7D0F9600A229BC /* SymbolGroup.swift in Sources */ = {isa = PBXBuildFile; fileRef = 15BBC6E71F7D0F9600A229BC /* SymbolGroup.swift */; };
		15BBC6EB1F7D1CCF00A229BC /* KeyboardViewModel.swift in Sources */ = {isa = PBXBuildFile; fileRef = 15BBC6EA1F7D1CCF00A229BC /* KeyboardViewModel.swift */; };
		15BBC6F21F7D325100A229BC /* Iteratable.swift in Sources */ = {isa = PBXBuildFile; fileRef = 15BBC6F11F7D325100A229BC /* Iteratable.swift */; };
		15BBC6F31F7D325100A229BC /* Iteratable.swift in Sources */ = {isa = PBXBuildFile; fileRef = 15BBC6F11F7D325100A229BC /* Iteratable.swift */; };
		15BBC6F51F7D32E000A229BC /* Reusable.swift in Sources */ = {isa = PBXBuildFile; fileRef = 15BBC6F41F7D32E000A229BC /* Reusable.swift */; };
		15BBC6F61F7D32E000A229BC /* Reusable.swift in Sources */ = {isa = PBXBuildFile; fileRef = 15BBC6F41F7D32E000A229BC /* Reusable.swift */; };
		15BBC6F81F7D333500A229BC /* NibLoadable.swift in Sources */ = {isa = PBXBuildFile; fileRef = 15BBC6F71F7D333500A229BC /* NibLoadable.swift */; };
		15BBC6F91F7D333500A229BC /* NibLoadable.swift in Sources */ = {isa = PBXBuildFile; fileRef = 15BBC6F71F7D333500A229BC /* NibLoadable.swift */; };
		15BBC6FC1F7D344500A229BC /* UICollectionView+Extensions.swift in Sources */ = {isa = PBXBuildFile; fileRef = 15BBC6FB1F7D344500A229BC /* UICollectionView+Extensions.swift */; };
		15BBC6FD1F7D344500A229BC /* UICollectionView+Extensions.swift in Sources */ = {isa = PBXBuildFile; fileRef = 15BBC6FB1F7D344500A229BC /* UICollectionView+Extensions.swift */; };
		15BBC6FF1F7D345D00A229BC /* UITableView+Extensions.swift in Sources */ = {isa = PBXBuildFile; fileRef = 15BBC6FE1F7D345D00A229BC /* UITableView+Extensions.swift */; };
		15BBC7001F7D345D00A229BC /* UITableView+Extensions.swift in Sources */ = {isa = PBXBuildFile; fileRef = 15BBC6FE1F7D345D00A229BC /* UITableView+Extensions.swift */; };
		15BBC7051F7D3B7E00A229BC /* KeyboardCategoriesTableViewCell.swift in Sources */ = {isa = PBXBuildFile; fileRef = 15BBC7031F7D3B7E00A229BC /* KeyboardCategoriesTableViewCell.swift */; };
		15BBC7061F7D3B7E00A229BC /* KeyboardCategoriesTableViewCell.xib in Resources */ = {isa = PBXBuildFile; fileRef = 15BBC7041F7D3B7E00A229BC /* KeyboardCategoriesTableViewCell.xib */; };
		15BBC70C1F7D3BC900A229BC /* KeyboardSymbolsTableViewCell.swift in Sources */ = {isa = PBXBuildFile; fileRef = 15BBC70A1F7D3BC900A229BC /* KeyboardSymbolsTableViewCell.swift */; };
		15BBC70D1F7D3BC900A229BC /* KeyboardSymbolsTableViewCell.xib in Resources */ = {isa = PBXBuildFile; fileRef = 15BBC70B1F7D3BC900A229BC /* KeyboardSymbolsTableViewCell.xib */; };
		15BBC7101F7D3BD700A229BC /* KeyboardElementsTableViewCell.swift in Sources */ = {isa = PBXBuildFile; fileRef = 15BBC70E1F7D3BD700A229BC /* KeyboardElementsTableViewCell.swift */; };
		15BBC7111F7D3BD700A229BC /* KeyboardElementsTableViewCell.xib in Resources */ = {isa = PBXBuildFile; fileRef = 15BBC70F1F7D3BD700A229BC /* KeyboardElementsTableViewCell.xib */; };
		15BBC7141F7D3BE600A229BC /* KeyboardActionsTableViewCell.swift in Sources */ = {isa = PBXBuildFile; fileRef = 15BBC7121F7D3BE600A229BC /* KeyboardActionsTableViewCell.swift */; };
		15BBC7151F7D3BE600A229BC /* KeyboardActionsTableViewCell.xib in Resources */ = {isa = PBXBuildFile; fileRef = 15BBC7131F7D3BE600A229BC /* KeyboardActionsTableViewCell.xib */; };
		15BBC7171F7D3C0200A229BC /* KeyboardActionsTableViewCellModel.swift in Sources */ = {isa = PBXBuildFile; fileRef = 15BBC7161F7D3C0200A229BC /* KeyboardActionsTableViewCellModel.swift */; };
		15BBC7191F7D3C1400A229BC /* KeyboardCategoriesTableViewCellModel.swift in Sources */ = {isa = PBXBuildFile; fileRef = 15BBC7181F7D3C1400A229BC /* KeyboardCategoriesTableViewCellModel.swift */; };
		15BBC71B1F7D3C3400A229BC /* KeyboardElementsTableViewCellModel.swift in Sources */ = {isa = PBXBuildFile; fileRef = 15BBC71A1F7D3C3400A229BC /* KeyboardElementsTableViewCellModel.swift */; };
		15BBC71D1F7D3C4500A229BC /* KeyboardSymbolsTableViewCellModel.swift in Sources */ = {isa = PBXBuildFile; fileRef = 15BBC71C1F7D3C4500A229BC /* KeyboardSymbolsTableViewCellModel.swift */; };
		15BBC7221F7D43BB00A229BC /* KeyboardActionsCollectionViewCell.swift in Sources */ = {isa = PBXBuildFile; fileRef = 15BBC7201F7D43BB00A229BC /* KeyboardActionsCollectionViewCell.swift */; };
		15BBC7231F7D43BB00A229BC /* KeyboardActionsCollectionViewCell.xib in Resources */ = {isa = PBXBuildFile; fileRef = 15BBC7211F7D43BB00A229BC /* KeyboardActionsCollectionViewCell.xib */; };
		15BBC7251F7D446500A229BC /* UITableViewCell+Extensions.swift in Sources */ = {isa = PBXBuildFile; fileRef = 15BBC7241F7D446400A229BC /* UITableViewCell+Extensions.swift */; };
		15BBC7261F7D446500A229BC /* UITableViewCell+Extensions.swift in Sources */ = {isa = PBXBuildFile; fileRef = 15BBC7241F7D446400A229BC /* UITableViewCell+Extensions.swift */; };
		15BBC7281F7D447C00A229BC /* UICollectionViewCell+Extensions.swift in Sources */ = {isa = PBXBuildFile; fileRef = 15BBC7271F7D447C00A229BC /* UICollectionViewCell+Extensions.swift */; };
		15BBC7291F7D447C00A229BC /* UICollectionViewCell+Extensions.swift in Sources */ = {isa = PBXBuildFile; fileRef = 15BBC7271F7D447C00A229BC /* UICollectionViewCell+Extensions.swift */; };
		15E218041F9F7AA7008AC6B2 /* Settings.bundle in Resources */ = {isa = PBXBuildFile; fileRef = 15E218031F9F7AA7008AC6B2 /* Settings.bundle */; };
		4B8745AE4BAD293BC6D7131B /* Pods-ChemKeyboard-metadata.plist in Resources */ = {isa = PBXBuildFile; fileRef = 30C9BA0C773809E607101729 /* Pods-ChemKeyboard-metadata.plist */; };
		5A9396F81F83DC6900B0E546 /* KeyboardElementsCollectionViewLayout.swift in Sources */ = {isa = PBXBuildFile; fileRef = 5A9396F71F83DC6900B0E546 /* KeyboardElementsCollectionViewLayout.swift */; };
		5ABE8D8C1F854EEC0029E30B /* String+Extensions.swift in Sources */ = {isa = PBXBuildFile; fileRef = 5ABE8D8B1F854EEC0029E30B /* String+Extensions.swift */; };
		5ABE8D8D1F854F220029E30B /* String+Extensions.swift in Sources */ = {isa = PBXBuildFile; fileRef = 5ABE8D8B1F854EEC0029E30B /* String+Extensions.swift */; };
		5AC0F7B91F866463004ECF6E /* UIView+Extensions.swift in Sources */ = {isa = PBXBuildFile; fileRef = 5AC0F7B81F866463004ECF6E /* UIView+Extensions.swift */; };
		5AC0F7BA1F866482004ECF6E /* UIView+Extensions.swift in Sources */ = {isa = PBXBuildFile; fileRef = 5AC0F7B81F866463004ECF6E /* UIView+Extensions.swift */; };
		5AD182CB1F8CF20B00080313 /* Assets.xcassets in Resources */ = {isa = PBXBuildFile; fileRef = 5AD182CA1F8CF20B00080313 /* Assets.xcassets */; };
		5AE382C81F960B5F0059B080 /* PopUp.swift in Sources */ = {isa = PBXBuildFile; fileRef = 5AE382C71F960B5F0059B080 /* PopUp.swift */; };
		5AE382CD1F9610F00059B080 /* SimpleElementPopUp.swift in Sources */ = {isa = PBXBuildFile; fileRef = 5AE382CC1F9610F00059B080 /* SimpleElementPopUp.swift */; };
		5AE382D51F97A8810059B080 /* SimpleSymbolPopUp.swift in Sources */ = {isa = PBXBuildFile; fileRef = 5AE382D41F97A8800059B080 /* SimpleSymbolPopUp.swift */; };
		5AE382D71F97AAF90059B080 /* ExtendedElementPopUp.swift in Sources */ = {isa = PBXBuildFile; fileRef = 5AE382D61F97AAF90059B080 /* ExtendedElementPopUp.swift */; };
		5AE382D91F988C940059B080 /* ExtendedSymbolPopUp.swift in Sources */ = {isa = PBXBuildFile; fileRef = 5AE382D81F988C940059B080 /* ExtendedSymbolPopUp.swift */; };
		5AF9BA621FA89B510034054D /* UIDevice+Extensions.swift in Sources */ = {isa = PBXBuildFile; fileRef = 5AF9BA611FA89B510034054D /* UIDevice+Extensions.swift */; };
		5AF9BA631FA89B510034054D /* UIDevice+Extensions.swift in Sources */ = {isa = PBXBuildFile; fileRef = 5AF9BA611FA89B510034054D /* UIDevice+Extensions.swift */; };
		67FC87EA54389552C9666C61 /* Pods_Keyboard.framework in Frameworks */ = {isa = PBXBuildFile; fileRef = D99AB0CD5D9709735ACA2D78 /* Pods_Keyboard.framework */; };
		6C915C5F56EC5DFAE6271A4C /* Pods-Keyboard-metadata.plist in Resources */ = {isa = PBXBuildFile; fileRef = 61830F9875477CA72741DF34 /* Pods-Keyboard-metadata.plist */; };
		F8FE752B013B0FB06FA20E40 /* Pods_ChemKeyboard.framework in Frameworks */ = {isa = PBXBuildFile; fileRef = 94816A35B5E6AAAC942FEBF0 /* Pods_ChemKeyboard.framework */; };
/* End PBXBuildFile section */

/* Begin PBXContainerItemProxy section */
		15A542341F792B1A00AFB14E /* PBXContainerItemProxy */ = {
			isa = PBXContainerItemProxy;
			containerPortal = 1501F6BB1F792A18000DCE0B /* Project object */;
			proxyType = 1;
			remoteGlobalIDString = 15A5422E1F792B1A00AFB14E;
			remoteInfo = Keyboard;
		};
/* End PBXContainerItemProxy section */

/* Begin PBXCopyFilesBuildPhase section */
		15A5423A1F792B1A00AFB14E /* Embed App Extensions */ = {
			isa = PBXCopyFilesBuildPhase;
			buildActionMask = 2147483647;
			dstPath = "";
			dstSubfolderSpec = 13;
			files = (
				15A542361F792B1A00AFB14E /* Keyboard.appex in Embed App Extensions */,
			);
			name = "Embed App Extensions";
			runOnlyForDeploymentPostprocessing = 0;
		};
/* End PBXCopyFilesBuildPhase section */

/* Begin PBXFileReference section */
		0E923791963465790D28BF41 /* Pods-ChemKeyboard.debug.xcconfig */ = {isa = PBXFileReference; includeInIndex = 1; lastKnownFileType = text.xcconfig; name = "Pods-ChemKeyboard.debug.xcconfig"; path = "Pods/Target Support Files/Pods-ChemKeyboard/Pods-ChemKeyboard.debug.xcconfig"; sourceTree = "<group>"; };
		1501F6C31F792A18000DCE0B /* ChemKeyboard.app */ = {isa = PBXFileReference; explicitFileType = wrapper.application; includeInIndex = 0; path = ChemKeyboard.app; sourceTree = BUILT_PRODUCTS_DIR; };
		1501F6C61F792A18000DCE0B /* AppDelegate.swift */ = {isa = PBXFileReference; lastKnownFileType = sourcecode.swift; path = AppDelegate.swift; sourceTree = "<group>"; };
		1501F6C81F792A18000DCE0B /* MainViewController.swift */ = {isa = PBXFileReference; lastKnownFileType = sourcecode.swift; path = MainViewController.swift; sourceTree = "<group>"; };
		1501F6CB1F792A19000DCE0B /* Base */ = {isa = PBXFileReference; lastKnownFileType = file.storyboard; name = Base; path = Base.lproj/Main.storyboard; sourceTree = "<group>"; };
		1501F6CD1F792A19000DCE0B /* Assets.xcassets */ = {isa = PBXFileReference; lastKnownFileType = folder.assetcatalog; path = Assets.xcassets; sourceTree = "<group>"; };
		1501F6D01F792A19000DCE0B /* Base */ = {isa = PBXFileReference; lastKnownFileType = file.storyboard; name = Base; path = Base.lproj/LaunchScreen.storyboard; sourceTree = "<group>"; };
		1501F6D21F792A19000DCE0B /* Info.plist */ = {isa = PBXFileReference; lastKnownFileType = text.plist.xml; path = Info.plist; sourceTree = "<group>"; };
		150DC39C1FAA0AD0004F9BC4 /* UIKit+Extensions.swift */ = {isa = PBXFileReference; lastKnownFileType = sourcecode.swift; path = "UIKit+Extensions.swift"; sourceTree = "<group>"; };
		150DC39F1FAA1695004F9BC4 /* predefined.realm */ = {isa = PBXFileReference; lastKnownFileType = file; path = predefined.realm; sourceTree = "<group>"; };
		150E16171F9DF18C00BB591A /* TextField.swift */ = {isa = PBXFileReference; lastKnownFileType = sourcecode.swift; path = TextField.swift; sourceTree = "<group>"; };
		150E161C1F9DFD8600BB591A /* Button.swift */ = {isa = PBXFileReference; lastKnownFileType = sourcecode.swift; path = Button.swift; sourceTree = "<group>"; };
		150E16201F9DFF7900BB591A /* UIImage+Extensions.swift */ = {isa = PBXFileReference; lastKnownFileType = sourcecode.swift; path = "UIImage+Extensions.swift"; sourceTree = "<group>"; };
		150E16221F9E012600BB591A /* CALayer+Extensions.swift */ = {isa = PBXFileReference; lastKnownFileType = sourcecode.swift; path = "CALayer+Extensions.swift"; sourceTree = "<group>"; };
		150E16241F9E140D00BB591A /* Storyboardable.swift */ = {isa = PBXFileReference; lastKnownFileType = sourcecode.swift; path = Storyboardable.swift; sourceTree = "<group>"; };
		150E16261F9E147700BB591A /* UIStoryboard+Extensions.swift */ = {isa = PBXFileReference; lastKnownFileType = sourcecode.swift; path = "UIStoryboard+Extensions.swift"; sourceTree = "<group>"; };
		150E16281F9E200600BB591A /* UserDefaults+Extensions.swift */ = {isa = PBXFileReference; lastKnownFileType = sourcecode.swift; path = "UserDefaults+Extensions.swift"; sourceTree = "<group>"; };
		150E162B1F9E21F200BB591A /* InstructionsViewController.swift */ = {isa = PBXFileReference; lastKnownFileType = sourcecode.swift; path = InstructionsViewController.swift; sourceTree = "<group>"; };
		15531B001F83E26A00D4FA76 /* SF-UI-Display-Light.otf */ = {isa = PBXFileReference; lastKnownFileType = file; path = "SF-UI-Display-Light.otf"; sourceTree = "<group>"; };
		15531B021F83E26A00D4FA76 /* SF-UI-Display-Heavy.otf */ = {isa = PBXFileReference; lastKnownFileType = file; path = "SF-UI-Display-Heavy.otf"; sourceTree = "<group>"; };
		15531B031F83E26A00D4FA76 /* SF-UI-Display-Semibold.otf */ = {isa = PBXFileReference; lastKnownFileType = file; path = "SF-UI-Display-Semibold.otf"; sourceTree = "<group>"; };
		15531B041F83E26A00D4FA76 /* SF-UI-Display-Regular.otf */ = {isa = PBXFileReference; lastKnownFileType = file; path = "SF-UI-Display-Regular.otf"; sourceTree = "<group>"; };
		15531B051F83E26A00D4FA76 /* SF-UI-Display-Medium.otf */ = {isa = PBXFileReference; lastKnownFileType = file; path = "SF-UI-Display-Medium.otf"; sourceTree = "<group>"; };
		15531B061F83E26A00D4FA76 /* SF-UI-Display-Black.otf */ = {isa = PBXFileReference; lastKnownFileType = file; path = "SF-UI-Display-Black.otf"; sourceTree = "<group>"; };
		15531B071F83E26A00D4FA76 /* SF-UI-Display-Bold.otf */ = {isa = PBXFileReference; lastKnownFileType = file; path = "SF-UI-Display-Bold.otf"; sourceTree = "<group>"; };
		156D00881F7D48A0004C333F /* KeyboardCategoriesCollectionViewCell.swift */ = {isa = PBXFileReference; lastKnownFileType = sourcecode.swift; path = KeyboardCategoriesCollectionViewCell.swift; sourceTree = "<group>"; };
		156D00891F7D48A0004C333F /* KeyboardCategoriesCollectionViewCell.xib */ = {isa = PBXFileReference; lastKnownFileType = file.xib; path = KeyboardCategoriesCollectionViewCell.xib; sourceTree = "<group>"; };
		156D008F1F7D49DC004C333F /* KeyboardElementsCollectionViewCell.swift */ = {isa = PBXFileReference; lastKnownFileType = sourcecode.swift; path = KeyboardElementsCollectionViewCell.swift; sourceTree = "<group>"; };
		156D00901F7D49DC004C333F /* KeyboardElementsCollectionViewCell.xib */ = {isa = PBXFileReference; lastKnownFileType = file.xib; path = KeyboardElementsCollectionViewCell.xib; sourceTree = "<group>"; };
		156D00941F7D4A08004C333F /* KeyboardSymbolsCollectionViewCell.swift */ = {isa = PBXFileReference; lastKnownFileType = sourcecode.swift; path = KeyboardSymbolsCollectionViewCell.swift; sourceTree = "<group>"; };
		156D00951F7D4A08004C333F /* KeyboardSymbolsCollectionViewCell.xib */ = {isa = PBXFileReference; lastKnownFileType = file.xib; path = KeyboardSymbolsCollectionViewCell.xib; sourceTree = "<group>"; };
		156D009A1F7E981D004C333F /* RealmService.swift */ = {isa = PBXFileReference; lastKnownFileType = sourcecode.swift; path = RealmService.swift; sourceTree = "<group>"; };
		157697801F838C5D0051AD67 /* SymbolService.swift */ = {isa = PBXFileReference; lastKnownFileType = sourcecode.swift; path = SymbolService.swift; sourceTree = "<group>"; };
		157697831F838C690051AD67 /* ElementService.swift */ = {isa = PBXFileReference; lastKnownFileType = sourcecode.swift; path = ElementService.swift; sourceTree = "<group>"; };
		15A5422F1F792B1A00AFB14E /* Keyboard.appex */ = {isa = PBXFileReference; explicitFileType = "wrapper.app-extension"; includeInIndex = 0; path = Keyboard.appex; sourceTree = BUILT_PRODUCTS_DIR; };
		15A542311F792B1A00AFB14E /* KeyboardViewController.swift */ = {isa = PBXFileReference; lastKnownFileType = sourcecode.swift; path = KeyboardViewController.swift; sourceTree = "<group>"; };
		15A542331F792B1A00AFB14E /* Info.plist */ = {isa = PBXFileReference; lastKnownFileType = text.plist.xml; path = Info.plist; sourceTree = "<group>"; };
		15BBC6DB1F7CFFB100A229BC /* Element.swift */ = {isa = PBXFileReference; lastKnownFileType = sourcecode.swift; path = Element.swift; sourceTree = "<group>"; };
		15BBC6E11F7D035A00A229BC /* ElementCategory.swift */ = {isa = PBXFileReference; lastKnownFileType = sourcecode.swift; path = ElementCategory.swift; sourceTree = "<group>"; };
		15BBC6E41F7D0EC900A229BC /* Symbol.swift */ = {isa = PBXFileReference; lastKnownFileType = sourcecode.swift; path = Symbol.swift; sourceTree = "<group>"; };
		15BBC6E71F7D0F9600A229BC /* SymbolGroup.swift */ = {isa = PBXFileReference; lastKnownFileType = sourcecode.swift; path = SymbolGroup.swift; sourceTree = "<group>"; };
		15BBC6EA1F7D1CCF00A229BC /* KeyboardViewModel.swift */ = {isa = PBXFileReference; lastKnownFileType = sourcecode.swift; path = KeyboardViewModel.swift; sourceTree = "<group>"; };
		15BBC6F11F7D325100A229BC /* Iteratable.swift */ = {isa = PBXFileReference; lastKnownFileType = sourcecode.swift; path = Iteratable.swift; sourceTree = "<group>"; };
		15BBC6F41F7D32E000A229BC /* Reusable.swift */ = {isa = PBXFileReference; lastKnownFileType = sourcecode.swift; path = Reusable.swift; sourceTree = "<group>"; };
		15BBC6F71F7D333500A229BC /* NibLoadable.swift */ = {isa = PBXFileReference; lastKnownFileType = sourcecode.swift; path = NibLoadable.swift; sourceTree = "<group>"; };
		15BBC6FB1F7D344500A229BC /* UICollectionView+Extensions.swift */ = {isa = PBXFileReference; lastKnownFileType = sourcecode.swift; path = "UICollectionView+Extensions.swift"; sourceTree = "<group>"; };
		15BBC6FE1F7D345D00A229BC /* UITableView+Extensions.swift */ = {isa = PBXFileReference; lastKnownFileType = sourcecode.swift; path = "UITableView+Extensions.swift"; sourceTree = "<group>"; };
		15BBC7031F7D3B7E00A229BC /* KeyboardCategoriesTableViewCell.swift */ = {isa = PBXFileReference; lastKnownFileType = sourcecode.swift; path = KeyboardCategoriesTableViewCell.swift; sourceTree = "<group>"; };
		15BBC7041F7D3B7E00A229BC /* KeyboardCategoriesTableViewCell.xib */ = {isa = PBXFileReference; lastKnownFileType = file.xib; path = KeyboardCategoriesTableViewCell.xib; sourceTree = "<group>"; };
		15BBC70A1F7D3BC900A229BC /* KeyboardSymbolsTableViewCell.swift */ = {isa = PBXFileReference; lastKnownFileType = sourcecode.swift; path = KeyboardSymbolsTableViewCell.swift; sourceTree = "<group>"; };
		15BBC70B1F7D3BC900A229BC /* KeyboardSymbolsTableViewCell.xib */ = {isa = PBXFileReference; lastKnownFileType = file.xib; path = KeyboardSymbolsTableViewCell.xib; sourceTree = "<group>"; };
		15BBC70E1F7D3BD700A229BC /* KeyboardElementsTableViewCell.swift */ = {isa = PBXFileReference; lastKnownFileType = sourcecode.swift; path = KeyboardElementsTableViewCell.swift; sourceTree = "<group>"; };
		15BBC70F1F7D3BD700A229BC /* KeyboardElementsTableViewCell.xib */ = {isa = PBXFileReference; lastKnownFileType = file.xib; path = KeyboardElementsTableViewCell.xib; sourceTree = "<group>"; };
		15BBC7121F7D3BE600A229BC /* KeyboardActionsTableViewCell.swift */ = {isa = PBXFileReference; lastKnownFileType = sourcecode.swift; path = KeyboardActionsTableViewCell.swift; sourceTree = "<group>"; };
		15BBC7131F7D3BE600A229BC /* KeyboardActionsTableViewCell.xib */ = {isa = PBXFileReference; lastKnownFileType = file.xib; path = KeyboardActionsTableViewCell.xib; sourceTree = "<group>"; };
		15BBC7161F7D3C0200A229BC /* KeyboardActionsTableViewCellModel.swift */ = {isa = PBXFileReference; lastKnownFileType = sourcecode.swift; path = KeyboardActionsTableViewCellModel.swift; sourceTree = "<group>"; };
		15BBC7181F7D3C1400A229BC /* KeyboardCategoriesTableViewCellModel.swift */ = {isa = PBXFileReference; lastKnownFileType = sourcecode.swift; path = KeyboardCategoriesTableViewCellModel.swift; sourceTree = "<group>"; };
		15BBC71A1F7D3C3400A229BC /* KeyboardElementsTableViewCellModel.swift */ = {isa = PBXFileReference; lastKnownFileType = sourcecode.swift; path = KeyboardElementsTableViewCellModel.swift; sourceTree = "<group>"; };
		15BBC71C1F7D3C4500A229BC /* KeyboardSymbolsTableViewCellModel.swift */ = {isa = PBXFileReference; lastKnownFileType = sourcecode.swift; path = KeyboardSymbolsTableViewCellModel.swift; sourceTree = "<group>"; };
		15BBC7201F7D43BB00A229BC /* KeyboardActionsCollectionViewCell.swift */ = {isa = PBXFileReference; lastKnownFileType = sourcecode.swift; path = KeyboardActionsCollectionViewCell.swift; sourceTree = "<group>"; };
		15BBC7211F7D43BB00A229BC /* KeyboardActionsCollectionViewCell.xib */ = {isa = PBXFileReference; lastKnownFileType = file.xib; path = KeyboardActionsCollectionViewCell.xib; sourceTree = "<group>"; };
		15BBC7241F7D446400A229BC /* UITableViewCell+Extensions.swift */ = {isa = PBXFileReference; lastKnownFileType = sourcecode.swift; path = "UITableViewCell+Extensions.swift"; sourceTree = "<group>"; };
		15BBC7271F7D447C00A229BC /* UICollectionViewCell+Extensions.swift */ = {isa = PBXFileReference; lastKnownFileType = sourcecode.swift; path = "UICollectionViewCell+Extensions.swift"; sourceTree = "<group>"; };
		15E218031F9F7AA7008AC6B2 /* Settings.bundle */ = {isa = PBXFileReference; lastKnownFileType = "wrapper.plug-in"; path = Settings.bundle; sourceTree = "<group>"; };
		30C9BA0C773809E607101729 /* Pods-ChemKeyboard-metadata.plist */ = {isa = PBXFileReference; includeInIndex = 1; lastKnownFileType = text.plist.xml; name = "Pods-ChemKeyboard-metadata.plist"; path = "Pods/Pods-ChemKeyboard-metadata.plist"; sourceTree = "<group>"; };
		5A9396F71F83DC6900B0E546 /* KeyboardElementsCollectionViewLayout.swift */ = {isa = PBXFileReference; lastKnownFileType = sourcecode.swift; path = KeyboardElementsCollectionViewLayout.swift; sourceTree = "<group>"; };
		5ABE8D8B1F854EEC0029E30B /* String+Extensions.swift */ = {isa = PBXFileReference; lastKnownFileType = sourcecode.swift; path = "String+Extensions.swift"; sourceTree = "<group>"; };
		5AC0F7B81F866463004ECF6E /* UIView+Extensions.swift */ = {isa = PBXFileReference; lastKnownFileType = sourcecode.swift; path = "UIView+Extensions.swift"; sourceTree = "<group>"; };
		5AD182CA1F8CF20B00080313 /* Assets.xcassets */ = {isa = PBXFileReference; lastKnownFileType = folder.assetcatalog; path = Assets.xcassets; sourceTree = "<group>"; };
		5AE382C71F960B5F0059B080 /* PopUp.swift */ = {isa = PBXFileReference; lastKnownFileType = sourcecode.swift; path = PopUp.swift; sourceTree = "<group>"; };
		5AE382CC1F9610F00059B080 /* SimpleElementPopUp.swift */ = {isa = PBXFileReference; lastKnownFileType = sourcecode.swift; path = SimpleElementPopUp.swift; sourceTree = "<group>"; };
		5AE382D41F97A8800059B080 /* SimpleSymbolPopUp.swift */ = {isa = PBXFileReference; lastKnownFileType = sourcecode.swift; path = SimpleSymbolPopUp.swift; sourceTree = "<group>"; };
		5AE382D61F97AAF90059B080 /* ExtendedElementPopUp.swift */ = {isa = PBXFileReference; lastKnownFileType = sourcecode.swift; path = ExtendedElementPopUp.swift; sourceTree = "<group>"; };
		5AE382D81F988C940059B080 /* ExtendedSymbolPopUp.swift */ = {isa = PBXFileReference; lastKnownFileType = sourcecode.swift; path = ExtendedSymbolPopUp.swift; sourceTree = "<group>"; };
		5AF9BA611FA89B510034054D /* UIDevice+Extensions.swift */ = {isa = PBXFileReference; lastKnownFileType = sourcecode.swift; path = "UIDevice+Extensions.swift"; sourceTree = "<group>"; };
		61830F9875477CA72741DF34 /* Pods-Keyboard-metadata.plist */ = {isa = PBXFileReference; includeInIndex = 1; lastKnownFileType = text.plist.xml; name = "Pods-Keyboard-metadata.plist"; path = "Pods/Pods-Keyboard-metadata.plist"; sourceTree = "<group>"; };
		94816A35B5E6AAAC942FEBF0 /* Pods_ChemKeyboard.framework */ = {isa = PBXFileReference; explicitFileType = wrapper.framework; includeInIndex = 0; path = Pods_ChemKeyboard.framework; sourceTree = BUILT_PRODUCTS_DIR; };
		95B32E252AD372118A0E2B80 /* Pods-Keyboard.debug.xcconfig */ = {isa = PBXFileReference; includeInIndex = 1; lastKnownFileType = text.xcconfig; name = "Pods-Keyboard.debug.xcconfig"; path = "Pods/Target Support Files/Pods-Keyboard/Pods-Keyboard.debug.xcconfig"; sourceTree = "<group>"; };
		9E581C5FEAACD12DDB020775 /* Pods-ChemKeyboard.release.xcconfig */ = {isa = PBXFileReference; includeInIndex = 1; lastKnownFileType = text.xcconfig; name = "Pods-ChemKeyboard.release.xcconfig"; path = "Pods/Target Support Files/Pods-ChemKeyboard/Pods-ChemKeyboard.release.xcconfig"; sourceTree = "<group>"; };
		D99AB0CD5D9709735ACA2D78 /* Pods_Keyboard.framework */ = {isa = PBXFileReference; explicitFileType = wrapper.framework; includeInIndex = 0; path = Pods_Keyboard.framework; sourceTree = BUILT_PRODUCTS_DIR; };
		F352A39614F5287FBADB819F /* Pods-Keyboard.release.xcconfig */ = {isa = PBXFileReference; includeInIndex = 1; lastKnownFileType = text.xcconfig; name = "Pods-Keyboard.release.xcconfig"; path = "Pods/Target Support Files/Pods-Keyboard/Pods-Keyboard.release.xcconfig"; sourceTree = "<group>"; };
/* End PBXFileReference section */

/* Begin PBXFrameworksBuildPhase section */
		1501F6C01F792A18000DCE0B /* Frameworks */ = {
			isa = PBXFrameworksBuildPhase;
			buildActionMask = 2147483647;
			files = (
				F8FE752B013B0FB06FA20E40 /* Pods_ChemKeyboard.framework in Frameworks */,
			);
			runOnlyForDeploymentPostprocessing = 0;
		};
		15A5422C1F792B1A00AFB14E /* Frameworks */ = {
			isa = PBXFrameworksBuildPhase;
			buildActionMask = 2147483647;
			files = (
				67FC87EA54389552C9666C61 /* Pods_Keyboard.framework in Frameworks */,
			);
			runOnlyForDeploymentPostprocessing = 0;
		};
/* End PBXFrameworksBuildPhase section */

/* Begin PBXGroup section */
		1501F6BA1F792A18000DCE0B = {
			isa = PBXGroup;
			children = (
				1501F6C51F792A18000DCE0B /* ChemKeyboard */,
				15A542301F792B1A00AFB14E /* Keyboard */,
				1501F6C41F792A18000DCE0B /* Products */,
				9F8E072D38A191C00E59BBEC /* Pods */,
				E3A9B54E97923CB0DE6D5FEA /* Frameworks */,
			);
			sourceTree = "<group>";
		};
		1501F6C41F792A18000DCE0B /* Products */ = {
			isa = PBXGroup;
			children = (
				1501F6C31F792A18000DCE0B /* ChemKeyboard.app */,
				15A5422F1F792B1A00AFB14E /* Keyboard.appex */,
			);
			name = Products;
			sourceTree = "<group>";
		};
		1501F6C51F792A18000DCE0B /* ChemKeyboard */ = {
			isa = PBXGroup;
			children = (
				150E162F1F9F625300BB591A /* Application */,
				150E16161F9DF17500BB591A /* Common */,
				150E16301F9F629700BB591A /* Configuration */,
				15BBC6FA1F7D33EB00A229BC /* Extensions */,
				15BBC6DA1F7CFF7A00A229BC /* Models */,
				15BBC6F01F7D323400A229BC /* Protocols */,
				156D009D1F7E9E5C004C333F /* Resources */,
				150E16141F9DEE9500BB591A /* Screens */,
				156D00981F7E97EC004C333F /* Services */,
				15E218021F9F78DB008AC6B2 /* Settings */,
				150E16311F9F62E200BB591A /* Storyboards */,
			);
			path = ChemKeyboard;
			sourceTree = "<group>";
		};
		150DC3921FA9FD58004F9BC4 /* Assets */ = {
			isa = PBXGroup;
			children = (
				5AD182CA1F8CF20B00080313 /* Assets.xcassets */,
			);
			path = Assets;
			sourceTree = "<group>";
		};
		150DC3961FA9FDC0004F9BC4 /* Realms */ = {
			isa = PBXGroup;
			children = (
				150DC39F1FAA1695004F9BC4 /* predefined.realm */,
			);
			path = Realms;
			sourceTree = "<group>";
		};
		150E16141F9DEE9500BB591A /* Screens */ = {
			isa = PBXGroup;
			children = (
				150E162A1F9E21C700BB591A /* Instructions */,
				150E16151F9DEE9F00BB591A /* Main */,
			);
			path = Screens;
			sourceTree = "<group>";
		};
		150E16151F9DEE9F00BB591A /* Main */ = {
			isa = PBXGroup;
			children = (
				1501F6C81F792A18000DCE0B /* MainViewController.swift */,
			);
			path = Main;
			sourceTree = "<group>";
		};
		150E16161F9DF17500BB591A /* Common */ = {
			isa = PBXGroup;
			children = (
				150E161C1F9DFD8600BB591A /* Button.swift */,
				150E16171F9DF18C00BB591A /* TextField.swift */,
			);
			path = Common;
			sourceTree = "<group>";
		};
		150E161B1F9DF48500BB591A /* Assets */ = {
			isa = PBXGroup;
			children = (
				1501F6CD1F792A19000DCE0B /* Assets.xcassets */,
			);
			path = Assets;
			sourceTree = "<group>";
		};
		150E162A1F9E21C700BB591A /* Instructions */ = {
			isa = PBXGroup;
			children = (
				150E162B1F9E21F200BB591A /* InstructionsViewController.swift */,
			);
			path = Instructions;
			sourceTree = "<group>";
		};
		150E162F1F9F625300BB591A /* Application */ = {
			isa = PBXGroup;
			children = (
				1501F6C61F792A18000DCE0B /* AppDelegate.swift */,
			);
			path = Application;
			sourceTree = "<group>";
		};
		150E16301F9F629700BB591A /* Configuration */ = {
			isa = PBXGroup;
			children = (
				1501F6D21F792A19000DCE0B /* Info.plist */,
			);
			path = Configuration;
			sourceTree = "<group>";
		};
		150E16311F9F62E200BB591A /* Storyboards */ = {
			isa = PBXGroup;
			children = (
				1501F6CF1F792A19000DCE0B /* LaunchScreen.storyboard */,
				1501F6CA1F792A19000DCE0B /* Main.storyboard */,
			);
			path = Storyboards;
			sourceTree = "<group>";
		};
		150E16331F9F638C00BB591A /* Configuration */ = {
			isa = PBXGroup;
			children = (
				15A542331F792B1A00AFB14E /* Info.plist */,
			);
			path = Configuration;
			sourceTree = "<group>";
		};
		150E16351F9F657400BB591A /* Screens */ = {
			isa = PBXGroup;
			children = (
				150E16361F9F657E00BB591A /* Keyboard */,
			);
			path = Screens;
			sourceTree = "<group>";
		};
		150E16361F9F657E00BB591A /* Keyboard */ = {
			isa = PBXGroup;
			children = (
				15A542311F792B1A00AFB14E /* KeyboardViewController.swift */,
				15BBC6EA1F7D1CCF00A229BC /* KeyboardViewModel.swift */,
				15BBC7011F7D3AEE00A229BC /* Views */,
			);
			path = Keyboard;
			sourceTree = "<group>";
		};
		150E16371F9F659900BB591A /* Common */ = {
			isa = PBXGroup;
			children = (
				5AE382C61F960B480059B080 /* PopUp */,
			);
			path = Common;
			sourceTree = "<group>";
		};
		15531AFD1F83E24F00D4FA76 /* Fonts */ = {
			isa = PBXGroup;
			children = (
				15531AFF1F83E26A00D4FA76 /* SF UI Display */,
			);
			path = Fonts;
			sourceTree = "<group>";
		};
		15531AFF1F83E26A00D4FA76 /* SF UI Display */ = {
			isa = PBXGroup;
			children = (
				15531B061F83E26A00D4FA76 /* SF-UI-Display-Black.otf */,
				15531B071F83E26A00D4FA76 /* SF-UI-Display-Bold.otf */,
				15531B021F83E26A00D4FA76 /* SF-UI-Display-Heavy.otf */,
				15531B001F83E26A00D4FA76 /* SF-UI-Display-Light.otf */,
				15531B051F83E26A00D4FA76 /* SF-UI-Display-Medium.otf */,
				15531B041F83E26A00D4FA76 /* SF-UI-Display-Regular.otf */,
				15531B031F83E26A00D4FA76 /* SF-UI-Display-Semibold.otf */,
			);
			path = "SF UI Display";
			sourceTree = "<group>";
		};
		156D00871F7D4894004C333F /* KeyboardCategoriesCollectionViewCell */ = {
			isa = PBXGroup;
			children = (
				156D00881F7D48A0004C333F /* KeyboardCategoriesCollectionViewCell.swift */,
				156D00891F7D48A0004C333F /* KeyboardCategoriesCollectionViewCell.xib */,
			);
			path = KeyboardCategoriesCollectionViewCell;
			sourceTree = "<group>";
		};
		156D008C1F7D49BA004C333F /* Views */ = {
			isa = PBXGroup;
			children = (
				156D008E1F7D49D3004C333F /* KeyboardElementsCollectionViewCell */,
			);
			path = Views;
			sourceTree = "<group>";
		};
		156D008D1F7D49BE004C333F /* Views */ = {
			isa = PBXGroup;
			children = (
				156D00931F7D49FF004C333F /* KeyboardSymbolsCollectionViewCell */,
			);
			path = Views;
			sourceTree = "<group>";
		};
		156D008E1F7D49D3004C333F /* KeyboardElementsCollectionViewCell */ = {
			isa = PBXGroup;
			children = (
				156D008F1F7D49DC004C333F /* KeyboardElementsCollectionViewCell.swift */,
				156D00901F7D49DC004C333F /* KeyboardElementsCollectionViewCell.xib */,
			);
			path = KeyboardElementsCollectionViewCell;
			sourceTree = "<group>";
		};
		156D00931F7D49FF004C333F /* KeyboardSymbolsCollectionViewCell */ = {
			isa = PBXGroup;
			children = (
				156D00941F7D4A08004C333F /* KeyboardSymbolsCollectionViewCell.swift */,
				156D00951F7D4A08004C333F /* KeyboardSymbolsCollectionViewCell.xib */,
			);
			path = KeyboardSymbolsCollectionViewCell;
			sourceTree = "<group>";
		};
		156D00981F7E97EC004C333F /* Services */ = {
			isa = PBXGroup;
			children = (
				1576977E1F838C2B0051AD67 /* ElementService */,
				156D00991F7E9808004C333F /* RealmService */,
				1576977F1F838C3B0051AD67 /* SymbolService */,
			);
			path = Services;
			sourceTree = "<group>";
		};
		156D00991F7E9808004C333F /* RealmService */ = {
			isa = PBXGroup;
			children = (
				156D009A1F7E981D004C333F /* RealmService.swift */,
			);
			path = RealmService;
			sourceTree = "<group>";
		};
		156D009D1F7E9E5C004C333F /* Resources */ = {
			isa = PBXGroup;
			children = (
				150E161B1F9DF48500BB591A /* Assets */,
				15531AFD1F83E24F00D4FA76 /* Fonts */,
				150DC3961FA9FDC0004F9BC4 /* Realms */,
			);
			path = Resources;
			sourceTree = "<group>";
		};
		1576977E1F838C2B0051AD67 /* ElementService */ = {
			isa = PBXGroup;
			children = (
				157697831F838C690051AD67 /* ElementService.swift */,
			);
			path = ElementService;
			sourceTree = "<group>";
		};
		1576977F1F838C3B0051AD67 /* SymbolService */ = {
			isa = PBXGroup;
			children = (
				157697801F838C5D0051AD67 /* SymbolService.swift */,
			);
			path = SymbolService;
			sourceTree = "<group>";
		};
		15A542301F792B1A00AFB14E /* Keyboard */ = {
			isa = PBXGroup;
			children = (
				150E16371F9F659900BB591A /* Common */,
				150E16331F9F638C00BB591A /* Configuration */,
				5AD182C91F8CF1C300080313 /* Resources */,
				150E16351F9F657400BB591A /* Screens */,
			);
			path = Keyboard;
			sourceTree = "<group>";
		};
		15BBC6DA1F7CFF7A00A229BC /* Models */ = {
			isa = PBXGroup;
			children = (
				15BBC6DB1F7CFFB100A229BC /* Element.swift */,
				15BBC6E11F7D035A00A229BC /* ElementCategory.swift */,
				15BBC6E41F7D0EC900A229BC /* Symbol.swift */,
				15BBC6E71F7D0F9600A229BC /* SymbolGroup.swift */,
			);
			path = Models;
			sourceTree = "<group>";
		};
		15BBC6F01F7D323400A229BC /* Protocols */ = {
			isa = PBXGroup;
			children = (
				15BBC6F11F7D325100A229BC /* Iteratable.swift */,
				15BBC6F71F7D333500A229BC /* NibLoadable.swift */,
				15BBC6F41F7D32E000A229BC /* Reusable.swift */,
				150E16241F9E140D00BB591A /* Storyboardable.swift */,
			);
			path = Protocols;
			sourceTree = "<group>";
		};
		15BBC6FA1F7D33EB00A229BC /* Extensions */ = {
			isa = PBXGroup;
			children = (
				150E16221F9E012600BB591A /* CALayer+Extensions.swift */,
				5ABE8D8B1F854EEC0029E30B /* String+Extensions.swift */,
				15BBC6FB1F7D344500A229BC /* UICollectionView+Extensions.swift */,
				15BBC7271F7D447C00A229BC /* UICollectionViewCell+Extensions.swift */,
				150E16201F9DFF7900BB591A /* UIImage+Extensions.swift */,
				150DC39C1FAA0AD0004F9BC4 /* UIKit+Extensions.swift */,
				150E16261F9E147700BB591A /* UIStoryboard+Extensions.swift */,
				15BBC6FE1F7D345D00A229BC /* UITableView+Extensions.swift */,
				15BBC7241F7D446400A229BC /* UITableViewCell+Extensions.swift */,
				5AC0F7B81F866463004ECF6E /* UIView+Extensions.swift */,
				150E16281F9E200600BB591A /* UserDefaults+Extensions.swift */,
				5AF9BA611FA89B510034054D /* UIDevice+Extensions.swift */,
			);
			path = Extensions;
			sourceTree = "<group>";
		};
		15BBC7011F7D3AEE00A229BC /* Views */ = {
			isa = PBXGroup;
			children = (
				15BBC7091F7D3BA200A229BC /* KeyboardActionsTableViewCell */,
				15BBC7021F7D3B3700A229BC /* KeyboardCategoriesTableViewCell */,
				15BBC7071F7D3B9200A229BC /* KeyboardElementsTableViewCell */,
				15BBC7081F7D3BA000A229BC /* KeyboardSymbolsTableViewCell */,
			);
			path = Views;
			sourceTree = "<group>";
		};
		15BBC7021F7D3B3700A229BC /* KeyboardCategoriesTableViewCell */ = {
			isa = PBXGroup;
			children = (
				15BBC7031F7D3B7E00A229BC /* KeyboardCategoriesTableViewCell.swift */,
				15BBC7041F7D3B7E00A229BC /* KeyboardCategoriesTableViewCell.xib */,
				15BBC7181F7D3C1400A229BC /* KeyboardCategoriesTableViewCellModel.swift */,
				15BBC72A1F7D47D000A229BC /* Views */,
			);
			path = KeyboardCategoriesTableViewCell;
			sourceTree = "<group>";
		};
		15BBC7071F7D3B9200A229BC /* KeyboardElementsTableViewCell */ = {
			isa = PBXGroup;
			children = (
				5A9396F71F83DC6900B0E546 /* KeyboardElementsCollectionViewLayout.swift */,
				15BBC70E1F7D3BD700A229BC /* KeyboardElementsTableViewCell.swift */,
				15BBC70F1F7D3BD700A229BC /* KeyboardElementsTableViewCell.xib */,
				15BBC71A1F7D3C3400A229BC /* KeyboardElementsTableViewCellModel.swift */,
				156D008C1F7D49BA004C333F /* Views */,
			);
			path = KeyboardElementsTableViewCell;
			sourceTree = "<group>";
		};
		15BBC7081F7D3BA000A229BC /* KeyboardSymbolsTableViewCell */ = {
			isa = PBXGroup;
			children = (
				15BBC70A1F7D3BC900A229BC /* KeyboardSymbolsTableViewCell.swift */,
				15BBC70B1F7D3BC900A229BC /* KeyboardSymbolsTableViewCell.xib */,
				15BBC71C1F7D3C4500A229BC /* KeyboardSymbolsTableViewCellModel.swift */,
				156D008D1F7D49BE004C333F /* Views */,
			);
			path = KeyboardSymbolsTableViewCell;
			sourceTree = "<group>";
		};
		15BBC7091F7D3BA200A229BC /* KeyboardActionsTableViewCell */ = {
			isa = PBXGroup;
			children = (
				15BBC7121F7D3BE600A229BC /* KeyboardActionsTableViewCell.swift */,
				15BBC7131F7D3BE600A229BC /* KeyboardActionsTableViewCell.xib */,
				15BBC7161F7D3C0200A229BC /* KeyboardActionsTableViewCellModel.swift */,
				15BBC71E1F7D436D00A229BC /* Views */,
			);
			path = KeyboardActionsTableViewCell;
			sourceTree = "<group>";
		};
		15BBC71E1F7D436D00A229BC /* Views */ = {
			isa = PBXGroup;
			children = (
				15BBC71F1F7D438E00A229BC /* KeyboardActionsCollectionViewCell */,
			);
			path = Views;
			sourceTree = "<group>";
		};
		15BBC71F1F7D438E00A229BC /* KeyboardActionsCollectionViewCell */ = {
			isa = PBXGroup;
			children = (
				15BBC7201F7D43BB00A229BC /* KeyboardActionsCollectionViewCell.swift */,
				15BBC7211F7D43BB00A229BC /* KeyboardActionsCollectionViewCell.xib */,
			);
			path = KeyboardActionsCollectionViewCell;
			sourceTree = "<group>";
		};
		15BBC72A1F7D47D000A229BC /* Views */ = {
			isa = PBXGroup;
			children = (
				156D00871F7D4894004C333F /* KeyboardCategoriesCollectionViewCell */,
			);
			path = Views;
			sourceTree = "<group>";
		};
		15E218021F9F78DB008AC6B2 /* Settings */ = {
			isa = PBXGroup;
			children = (
				15E218031F9F7AA7008AC6B2 /* Settings.bundle */,
			);
			path = Settings;
			sourceTree = "<group>";
		};
		5AD182C91F8CF1C300080313 /* Resources */ = {
			isa = PBXGroup;
			children = (
				150DC3921FA9FD58004F9BC4 /* Assets */,
			);
			path = Resources;
			sourceTree = "<group>";
		};
		5AE382C61F960B480059B080 /* PopUp */ = {
			isa = PBXGroup;
			children = (
				5AE382D11F979FD40059B080 /* ExtendedElementPopUp */,
				5AE382D31F979FF70059B080 /* ExtendedSymbolPopUp */,
				5AE382C71F960B5F0059B080 /* PopUp.swift */,
				5AE382CB1F9610B70059B080 /* SimpleElementPopUp */,
				5AE382D21F979FE60059B080 /* SimpleSymbolPopUp */,
			);
			path = PopUp;
			sourceTree = "<group>";
		};
		5AE382CB1F9610B70059B080 /* SimpleElementPopUp */ = {
			isa = PBXGroup;
			children = (
				5AE382CC1F9610F00059B080 /* SimpleElementPopUp.swift */,
			);
			path = SimpleElementPopUp;
			sourceTree = "<group>";
		};
		5AE382D11F979FD40059B080 /* ExtendedElementPopUp */ = {
			isa = PBXGroup;
			children = (
				5AE382D61F97AAF90059B080 /* ExtendedElementPopUp.swift */,
			);
			path = ExtendedElementPopUp;
			sourceTree = "<group>";
		};
		5AE382D21F979FE60059B080 /* SimpleSymbolPopUp */ = {
			isa = PBXGroup;
			children = (
				5AE382D41F97A8800059B080 /* SimpleSymbolPopUp.swift */,
			);
			path = SimpleSymbolPopUp;
			sourceTree = "<group>";
		};
		5AE382D31F979FF70059B080 /* ExtendedSymbolPopUp */ = {
			isa = PBXGroup;
			children = (
				5AE382D81F988C940059B080 /* ExtendedSymbolPopUp.swift */,
			);
			path = ExtendedSymbolPopUp;
			sourceTree = "<group>";
		};
		9F8E072D38A191C00E59BBEC /* Pods */ = {
			isa = PBXGroup;
			children = (
				0E923791963465790D28BF41 /* Pods-ChemKeyboard.debug.xcconfig */,
				9E581C5FEAACD12DDB020775 /* Pods-ChemKeyboard.release.xcconfig */,
				95B32E252AD372118A0E2B80 /* Pods-Keyboard.debug.xcconfig */,
				F352A39614F5287FBADB819F /* Pods-Keyboard.release.xcconfig */,
				30C9BA0C773809E607101729 /* Pods-ChemKeyboard-metadata.plist */,
				61830F9875477CA72741DF34 /* Pods-Keyboard-metadata.plist */,
			);
			name = Pods;
			sourceTree = "<group>";
		};
		E3A9B54E97923CB0DE6D5FEA /* Frameworks */ = {
			isa = PBXGroup;
			children = (
				94816A35B5E6AAAC942FEBF0 /* Pods_ChemKeyboard.framework */,
				D99AB0CD5D9709735ACA2D78 /* Pods_Keyboard.framework */,
			);
			name = Frameworks;
			sourceTree = "<group>";
		};
/* End PBXGroup section */

/* Begin PBXNativeTarget section */
		1501F6C21F792A18000DCE0B /* ChemKeyboard */ = {
			isa = PBXNativeTarget;
			buildConfigurationList = 1501F6D51F792A19000DCE0B /* Build configuration list for PBXNativeTarget "ChemKeyboard" */;
			buildPhases = (
				E91E48AF7AE4193656BEC36B /* [CP] Check Pods Manifest.lock */,
				1501F6BF1F792A18000DCE0B /* Sources */,
				1501F6C01F792A18000DCE0B /* Frameworks */,
				1501F6C11F792A18000DCE0B /* Resources */,
				15A5423A1F792B1A00AFB14E /* Embed App Extensions */,
				49CCA580958D54F94A6094A0 /* [CP] Embed Pods Frameworks */,
				36D920F89125E264E0BA5107 /* [CP] Copy Pods Resources */,
				156F3C2E1F9F8B210049C3B8 /* Run Script / Version and Build */,
				1591A15C1FA2202600846BC0 /* Run Script / Fabric / Crashlytics */,
			);
			buildRules = (
			);
			dependencies = (
				15A542351F792B1A00AFB14E /* PBXTargetDependency */,
			);
			name = ChemKeyboard;
			productName = ChemKeyboard;
			productReference = 1501F6C31F792A18000DCE0B /* ChemKeyboard.app */;
			productType = "com.apple.product-type.application";
		};
		15A5422E1F792B1A00AFB14E /* Keyboard */ = {
			isa = PBXNativeTarget;
			buildConfigurationList = 15A542391F792B1A00AFB14E /* Build configuration list for PBXNativeTarget "Keyboard" */;
			buildPhases = (
				30F66BC62C1F6A087FC34558 /* [CP] Check Pods Manifest.lock */,
				15A5422B1F792B1A00AFB14E /* Sources */,
				15A5422C1F792B1A00AFB14E /* Frameworks */,
				15A5422D1F792B1A00AFB14E /* Resources */,
				D5637C7DF632276989DFF0A9 /* [CP] Copy Pods Resources */,
			);
			buildRules = (
			);
			dependencies = (
			);
			name = Keyboard;
			productName = Keyboard;
			productReference = 15A5422F1F792B1A00AFB14E /* Keyboard.appex */;
			productType = "com.apple.product-type.app-extension";
		};
/* End PBXNativeTarget section */

/* Begin PBXProject section */
		1501F6BB1F792A18000DCE0B /* Project object */ = {
			isa = PBXProject;
			attributes = {
				LastSwiftUpdateCheck = 0900;
				LastUpgradeCheck = 0900;
				ORGANIZATIONNAME = "Chemistry Open Intelligence Pte. Ltd.";
				TargetAttributes = {
					1501F6C21F792A18000DCE0B = {
						CreatedOnToolsVersion = 9.0;
						ProvisioningStyle = Manual;
					};
					15A5422E1F792B1A00AFB14E = {
						CreatedOnToolsVersion = 9.0;
						ProvisioningStyle = Manual;
					};
				};
			};
			buildConfigurationList = 1501F6BE1F792A18000DCE0B /* Build configuration list for PBXProject "ChemKeyboard" */;
			compatibilityVersion = "Xcode 8.0";
			developmentRegion = en;
			hasScannedForEncodings = 0;
			knownRegions = (
				en,
				Base,
			);
			mainGroup = 1501F6BA1F792A18000DCE0B;
			productRefGroup = 1501F6C41F792A18000DCE0B /* Products */;
			projectDirPath = "";
			projectRoot = "";
			targets = (
				1501F6C21F792A18000DCE0B /* ChemKeyboard */,
				15A5422E1F792B1A00AFB14E /* Keyboard */,
			);
		};
/* End PBXProject section */

/* Begin PBXResourcesBuildPhase section */
		1501F6C11F792A18000DCE0B /* Resources */ = {
			isa = PBXResourcesBuildPhase;
			buildActionMask = 2147483647;
			files = (
				15531B161F83E27D00D4FA76 /* SF-UI-Display-Light.otf in Resources */,
				15E218041F9F7AA7008AC6B2 /* Settings.bundle in Resources */,
				15531B1B1F83E27D00D4FA76 /* SF-UI-Display-Medium.otf in Resources */,
				15531B1A1F83E27D00D4FA76 /* SF-UI-Display-Regular.otf in Resources */,
				1501F6D11F792A19000DCE0B /* LaunchScreen.storyboard in Resources */,
				1501F6CE1F792A19000DCE0B /* Assets.xcassets in Resources */,
				15531B191F83E27D00D4FA76 /* SF-UI-Display-Semibold.otf in Resources */,
				1501F6CC1F792A19000DCE0B /* Main.storyboard in Resources */,
				150DC3A01FAA1695004F9BC4 /* predefined.realm in Resources */,
				15531B1C1F83E27D00D4FA76 /* SF-UI-Display-Black.otf in Resources */,
				15531B181F83E27D00D4FA76 /* SF-UI-Display-Heavy.otf in Resources */,
				15531B1D1F83E27D00D4FA76 /* SF-UI-Display-Bold.otf in Resources */,
				4B8745AE4BAD293BC6D7131B /* Pods-ChemKeyboard-metadata.plist in Resources */,
			);
			runOnlyForDeploymentPostprocessing = 0;
		};
		15A5422D1F792B1A00AFB14E /* Resources */ = {
			isa = PBXResourcesBuildPhase;
			buildActionMask = 2147483647;
			files = (
				15531B231F83E27D00D4FA76 /* SF-UI-Display-Regular.otf in Resources */,
				15531B1F1F83E27D00D4FA76 /* SF-UI-Display-Light.otf in Resources */,
				15BBC7151F7D3BE600A229BC /* KeyboardActionsTableViewCell.xib in Resources */,
				150DC3A11FAA1695004F9BC4 /* predefined.realm in Resources */,
				156D008B1F7D48A0004C333F /* KeyboardCategoriesCollectionViewCell.xib in Resources */,
				15BBC7111F7D3BD700A229BC /* KeyboardElementsTableViewCell.xib in Resources */,
				15BBC70D1F7D3BC900A229BC /* KeyboardSymbolsTableViewCell.xib in Resources */,
				15531B221F83E27D00D4FA76 /* SF-UI-Display-Semibold.otf in Resources */,
				15BBC7061F7D3B7E00A229BC /* KeyboardCategoriesTableViewCell.xib in Resources */,
				156D00921F7D49DC004C333F /* KeyboardElementsCollectionViewCell.xib in Resources */,
				15531B211F83E27D00D4FA76 /* SF-UI-Display-Heavy.otf in Resources */,
				15BBC7231F7D43BB00A229BC /* KeyboardActionsCollectionViewCell.xib in Resources */,
				156D00971F7D4A08004C333F /* KeyboardSymbolsCollectionViewCell.xib in Resources */,
				15531B241F83E27D00D4FA76 /* SF-UI-Display-Medium.otf in Resources */,
				15531B261F83E27D00D4FA76 /* SF-UI-Display-Bold.otf in Resources */,
				5AD182CB1F8CF20B00080313 /* Assets.xcassets in Resources */,
				15531B251F83E27D00D4FA76 /* SF-UI-Display-Black.otf in Resources */,
				6C915C5F56EC5DFAE6271A4C /* Pods-Keyboard-metadata.plist in Resources */,
			);
			runOnlyForDeploymentPostprocessing = 0;
		};
/* End PBXResourcesBuildPhase section */

/* Begin PBXShellScriptBuildPhase section */
		156F3C2E1F9F8B210049C3B8 /* Run Script / Version and Build */ = {
			isa = PBXShellScriptBuildPhase;
			buildActionMask = 2147483647;
			files = (
			);
			inputPaths = (
			);
			name = "Run Script / Version and Build";
			outputPaths = (
			);
			runOnlyForDeploymentPostprocessing = 0;
			shellPath = /bin/sh;
			shellScript = "version=$(/usr/libexec/PlistBuddy -c \"Print CFBundleShortVersionString\" \"$PROJECT_DIR/$INFOPLIST_FILE\")\nbuild=$(/usr/libexec/PlistBuddy -c \"Print CFBundleVersion\" \"$INFOPLIST_FILE\")\n\n/usr/libexec/PlistBuddy -c \"Set PreferenceSpecifiers:0:DefaultValue $version ($build)\" \"$CODESIGNING_FOLDER_PATH/Settings.bundle/Root.plist\"";
		};
		1591A15C1FA2202600846BC0 /* Run Script / Fabric / Crashlytics */ = {
			isa = PBXShellScriptBuildPhase;
			buildActionMask = 2147483647;
			files = (
			);
			inputPaths = (
			);
			name = "Run Script / Fabric / Crashlytics";
			outputPaths = (
			);
			runOnlyForDeploymentPostprocessing = 0;
			shellPath = /bin/sh;
			shellScript = "\"${PODS_ROOT}/Fabric/run\" a310c7f3be9676421bbbcf654222bb76f8ece4d5 5dcd2ea38efce77c7c503afe8e5c5806f677acb7f468bb5532c7cfe6e7525e5f";
		};
		30F66BC62C1F6A087FC34558 /* [CP] Check Pods Manifest.lock */ = {
			isa = PBXShellScriptBuildPhase;
			buildActionMask = 2147483647;
			files = (
			);
			inputPaths = (
				"${PODS_PODFILE_DIR_PATH}/Podfile.lock",
				"${PODS_ROOT}/Manifest.lock",
			);
			name = "[CP] Check Pods Manifest.lock";
			outputPaths = (
				"$(DERIVED_FILE_DIR)/Pods-Keyboard-checkManifestLockResult.txt",
			);
			runOnlyForDeploymentPostprocessing = 0;
			shellPath = /bin/sh;
			shellScript = "diff \"${PODS_PODFILE_DIR_PATH}/Podfile.lock\" \"${PODS_ROOT}/Manifest.lock\" > /dev/null\nif [ $? != 0 ] ; then\n    # print error to STDERR\n    echo \"error: The sandbox is not in sync with the Podfile.lock. Run 'pod install' or update your CocoaPods installation.\" >&2\n    exit 1\nfi\n# This output is used by Xcode 'outputs' to avoid re-running this script phase.\necho \"SUCCESS\" > \"${SCRIPT_OUTPUT_FILE_0}\"\n";
			showEnvVarsInLog = 0;
		};
		36D920F89125E264E0BA5107 /* [CP] Copy Pods Resources */ = {
			isa = PBXShellScriptBuildPhase;
			buildActionMask = 2147483647;
			files = (
			);
			inputPaths = (
			);
			name = "[CP] Copy Pods Resources";
			outputPaths = (
			);
			runOnlyForDeploymentPostprocessing = 0;
			shellPath = /bin/sh;
			shellScript = "\"${SRCROOT}/Pods/Target Support Files/Pods-ChemKeyboard/Pods-ChemKeyboard-resources.sh\"\n";
			showEnvVarsInLog = 0;
		};
		49CCA580958D54F94A6094A0 /* [CP] Embed Pods Frameworks */ = {
			isa = PBXShellScriptBuildPhase;
			buildActionMask = 2147483647;
			files = (
			);
			inputPaths = (
				"${SRCROOT}/Pods/Target Support Files/Pods-ChemKeyboard/Pods-ChemKeyboard-frameworks.sh",
				"${BUILT_PRODUCTS_DIR}/Device/Device.framework",
				"${BUILT_PRODUCTS_DIR}/Realm/Realm.framework",
				"${BUILT_PRODUCTS_DIR}/RealmSwift/RealmSwift.framework",
				"${BUILT_PRODUCTS_DIR}/RxCocoa/RxCocoa.framework",
				"${BUILT_PRODUCTS_DIR}/RxSwift/RxSwift.framework",
			);
			name = "[CP] Embed Pods Frameworks";
			outputPaths = (
				"${TARGET_BUILD_DIR}/${FRAMEWORKS_FOLDER_PATH}/Device.framework",
				"${TARGET_BUILD_DIR}/${FRAMEWORKS_FOLDER_PATH}/Realm.framework",
				"${TARGET_BUILD_DIR}/${FRAMEWORKS_FOLDER_PATH}/RealmSwift.framework",
				"${TARGET_BUILD_DIR}/${FRAMEWORKS_FOLDER_PATH}/RxCocoa.framework",
				"${TARGET_BUILD_DIR}/${FRAMEWORKS_FOLDER_PATH}/RxSwift.framework",
			);
			runOnlyForDeploymentPostprocessing = 0;
			shellPath = /bin/sh;
			shellScript = "\"${SRCROOT}/Pods/Target Support Files/Pods-ChemKeyboard/Pods-ChemKeyboard-frameworks.sh\"\n";
			showEnvVarsInLog = 0;
		};
		D5637C7DF632276989DFF0A9 /* [CP] Copy Pods Resources */ = {
			isa = PBXShellScriptBuildPhase;
			buildActionMask = 2147483647;
			files = (
			);
			inputPaths = (
			);
			name = "[CP] Copy Pods Resources";
			outputPaths = (
			);
			runOnlyForDeploymentPostprocessing = 0;
			shellPath = /bin/sh;
			shellScript = "\"${SRCROOT}/Pods/Target Support Files/Pods-Keyboard/Pods-Keyboard-resources.sh\"\n";
			showEnvVarsInLog = 0;
		};
		E91E48AF7AE4193656BEC36B /* [CP] Check Pods Manifest.lock */ = {
			isa = PBXShellScriptBuildPhase;
			buildActionMask = 2147483647;
			files = (
			);
			inputPaths = (
				"${PODS_PODFILE_DIR_PATH}/Podfile.lock",
				"${PODS_ROOT}/Manifest.lock",
			);
			name = "[CP] Check Pods Manifest.lock";
			outputPaths = (
				"$(DERIVED_FILE_DIR)/Pods-ChemKeyboard-checkManifestLockResult.txt",
			);
			runOnlyForDeploymentPostprocessing = 0;
			shellPath = /bin/sh;
			shellScript = "diff \"${PODS_PODFILE_DIR_PATH}/Podfile.lock\" \"${PODS_ROOT}/Manifest.lock\" > /dev/null\nif [ $? != 0 ] ; then\n    # print error to STDERR\n    echo \"error: The sandbox is not in sync with the Podfile.lock. Run 'pod install' or update your CocoaPods installation.\" >&2\n    exit 1\nfi\n# This output is used by Xcode 'outputs' to avoid re-running this script phase.\necho \"SUCCESS\" > \"${SCRIPT_OUTPUT_FILE_0}\"\n";
			showEnvVarsInLog = 0;
		};
/* End PBXShellScriptBuildPhase section */

/* Begin PBXSourcesBuildPhase section */
		1501F6BF1F792A18000DCE0B /* Sources */ = {
			isa = PBXSourcesBuildPhase;
			buildActionMask = 2147483647;
			files = (
				15BBC7281F7D447C00A229BC /* UICollectionViewCell+Extensions.swift in Sources */,
				15BBC6E21F7D035A00A229BC /* ElementCategory.swift in Sources */,
				15BBC6E51F7D0EC900A229BC /* Symbol.swift in Sources */,
				150E16211F9DFF7900BB591A /* UIImage+Extensions.swift in Sources */,
				15BBC7251F7D446500A229BC /* UITableViewCell+Extensions.swift in Sources */,
				15BBC6FC1F7D344500A229BC /* UICollectionView+Extensions.swift in Sources */,
				1501F6C91F792A18000DCE0B /* MainViewController.swift in Sources */,
				150E16231F9E012600BB591A /* CALayer+Extensions.swift in Sources */,
				15BBC6F81F7D333500A229BC /* NibLoadable.swift in Sources */,
				15BBC6E81F7D0F9600A229BC /* SymbolGroup.swift in Sources */,
				15BBC6F51F7D32E000A229BC /* Reusable.swift in Sources */,
				156D009B1F7E981D004C333F /* RealmService.swift in Sources */,
				15BBC6FF1F7D345D00A229BC /* UITableView+Extensions.swift in Sources */,
				150E16291F9E200600BB591A /* UserDefaults+Extensions.swift in Sources */,
				150DC39E1FAA0CEF004F9BC4 /* UIKit+Extensions.swift in Sources */,
				5AF9BA621FA89B510034054D /* UIDevice+Extensions.swift in Sources */,
				150E16181F9DF18C00BB591A /* TextField.swift in Sources */,
				15BBC6F21F7D325100A229BC /* Iteratable.swift in Sources */,
				5AC0F7B91F866463004ECF6E /* UIView+Extensions.swift in Sources */,
				5ABE8D8C1F854EEC0029E30B /* String+Extensions.swift in Sources */,
				150E161D1F9DFD8600BB591A /* Button.swift in Sources */,
				150E16271F9E147700BB591A /* UIStoryboard+Extensions.swift in Sources */,
				150E16251F9E140D00BB591A /* Storyboardable.swift in Sources */,
				157697811F838C5D0051AD67 /* SymbolService.swift in Sources */,
				1501F6C71F792A18000DCE0B /* AppDelegate.swift in Sources */,
				157697841F838C690051AD67 /* ElementService.swift in Sources */,
				150E162C1F9E21F200BB591A /* InstructionsViewController.swift in Sources */,
				15BBC6DC1F7CFFB100A229BC /* Element.swift in Sources */,
			);
			runOnlyForDeploymentPostprocessing = 0;
		};
		15A5422B1F792B1A00AFB14E /* Sources */ = {
			isa = PBXSourcesBuildPhase;
			buildActionMask = 2147483647;
			files = (
				5AE382D71F97AAF90059B080 /* ExtendedElementPopUp.swift in Sources */,
				15BBC6E31F7D035A00A229BC /* ElementCategory.swift in Sources */,
				15BBC71D1F7D3C4500A229BC /* KeyboardSymbolsTableViewCellModel.swift in Sources */,
				5AE382CD1F9610F00059B080 /* SimpleElementPopUp.swift in Sources */,
				15BBC6E61F7D0EC900A229BC /* Symbol.swift in Sources */,
				155082651FA8AE3B005113C3 /* SymbolService.swift in Sources */,
				156D00961F7D4A08004C333F /* KeyboardSymbolsCollectionViewCell.swift in Sources */,
				15BBC6FD1F7D344500A229BC /* UICollectionView+Extensions.swift in Sources */,
				15BBC7101F7D3BD700A229BC /* KeyboardElementsTableViewCell.swift in Sources */,
				15BBC6DD1F7CFFB100A229BC /* Element.swift in Sources */,
				155082641FA8AE3B005113C3 /* RealmService.swift in Sources */,
				15BBC6F91F7D333500A229BC /* NibLoadable.swift in Sources */,
				15BBC70C1F7D3BC900A229BC /* KeyboardSymbolsTableViewCell.swift in Sources */,
				5ABE8D8D1F854F220029E30B /* String+Extensions.swift in Sources */,
				15BBC6E91F7D0F9600A229BC /* SymbolGroup.swift in Sources */,
				150DC39D1FAA0AD0004F9BC4 /* UIKit+Extensions.swift in Sources */,
				15BBC7171F7D3C0200A229BC /* KeyboardActionsTableViewCellModel.swift in Sources */,
				15BBC7051F7D3B7E00A229BC /* KeyboardCategoriesTableViewCell.swift in Sources */,
				5AE382D51F97A8810059B080 /* SimpleSymbolPopUp.swift in Sources */,
				15BBC7261F7D446500A229BC /* UITableViewCell+Extensions.swift in Sources */,
				150DC38B1FA9F12B004F9BC4 /* CALayer+Extensions.swift in Sources */,
				15BBC7291F7D447C00A229BC /* UICollectionViewCell+Extensions.swift in Sources */,
				15BBC7191F7D3C1400A229BC /* KeyboardCategoriesTableViewCellModel.swift in Sources */,
				15BBC6F61F7D32E000A229BC /* Reusable.swift in Sources */,
				156D008A1F7D48A0004C333F /* KeyboardCategoriesCollectionViewCell.swift in Sources */,
				156D00911F7D49DC004C333F /* KeyboardElementsCollectionViewCell.swift in Sources */,
				155082631FA8AE3B005113C3 /* ElementService.swift in Sources */,
				5A9396F81F83DC6900B0E546 /* KeyboardElementsCollectionViewLayout.swift in Sources */,
				15BBC7001F7D345D00A229BC /* UITableView+Extensions.swift in Sources */,
				150DC38A1FA9F129004F9BC4 /* UserDefaults+Extensions.swift in Sources */,
				5AE382D91F988C940059B080 /* ExtendedSymbolPopUp.swift in Sources */,
				5AF9BA631FA89B510034054D /* UIDevice+Extensions.swift in Sources */,
				15BBC6F31F7D325100A229BC /* Iteratable.swift in Sources */,
				15A542321F792B1A00AFB14E /* KeyboardViewController.swift in Sources */,
				5AE382C81F960B5F0059B080 /* PopUp.swift in Sources */,
				15BBC71B1F7D3C3400A229BC /* KeyboardElementsTableViewCellModel.swift in Sources */,
				15BBC7141F7D3BE600A229BC /* KeyboardActionsTableViewCell.swift in Sources */,
				5AC0F7BA1F866482004ECF6E /* UIView+Extensions.swift in Sources */,
				150DC38C1FA9F137004F9BC4 /* UIImage+Extensions.swift in Sources */,
				15BBC6EB1F7D1CCF00A229BC /* KeyboardViewModel.swift in Sources */,
				15BBC7221F7D43BB00A229BC /* KeyboardActionsCollectionViewCell.swift in Sources */,
			);
			runOnlyForDeploymentPostprocessing = 0;
		};
/* End PBXSourcesBuildPhase section */

/* Begin PBXTargetDependency section */
		15A542351F792B1A00AFB14E /* PBXTargetDependency */ = {
			isa = PBXTargetDependency;
			target = 15A5422E1F792B1A00AFB14E /* Keyboard */;
			targetProxy = 15A542341F792B1A00AFB14E /* PBXContainerItemProxy */;
		};
/* End PBXTargetDependency section */

/* Begin PBXVariantGroup section */
		1501F6CA1F792A19000DCE0B /* Main.storyboard */ = {
			isa = PBXVariantGroup;
			children = (
				1501F6CB1F792A19000DCE0B /* Base */,
			);
			name = Main.storyboard;
			sourceTree = "<group>";
		};
		1501F6CF1F792A19000DCE0B /* LaunchScreen.storyboard */ = {
			isa = PBXVariantGroup;
			children = (
				1501F6D01F792A19000DCE0B /* Base */,
			);
			name = LaunchScreen.storyboard;
			sourceTree = "<group>";
		};
/* End PBXVariantGroup section */

/* Begin XCBuildConfiguration section */
		1501F6D31F792A19000DCE0B /* Debug */ = {
			isa = XCBuildConfiguration;
			buildSettings = {
				ALWAYS_SEARCH_USER_PATHS = NO;
				CLANG_ANALYZER_NONNULL = YES;
				CLANG_ANALYZER_NUMBER_OBJECT_CONVERSION = YES_AGGRESSIVE;
				CLANG_CXX_LANGUAGE_STANDARD = "gnu++14";
				CLANG_CXX_LIBRARY = "libc++";
				CLANG_ENABLE_MODULES = YES;
				CLANG_ENABLE_OBJC_ARC = YES;
				CLANG_WARN_BLOCK_CAPTURE_AUTORELEASING = YES;
				CLANG_WARN_BOOL_CONVERSION = YES;
				CLANG_WARN_COMMA = YES;
				CLANG_WARN_CONSTANT_CONVERSION = YES;
				CLANG_WARN_DIRECT_OBJC_ISA_USAGE = YES_ERROR;
				CLANG_WARN_DOCUMENTATION_COMMENTS = YES;
				CLANG_WARN_EMPTY_BODY = YES;
				CLANG_WARN_ENUM_CONVERSION = YES;
				CLANG_WARN_INFINITE_RECURSION = YES;
				CLANG_WARN_INT_CONVERSION = YES;
				CLANG_WARN_NON_LITERAL_NULL_CONVERSION = YES;
				CLANG_WARN_OBJC_LITERAL_CONVERSION = YES;
				CLANG_WARN_OBJC_ROOT_CLASS = YES_ERROR;
				CLANG_WARN_RANGE_LOOP_ANALYSIS = YES;
				CLANG_WARN_STRICT_PROTOTYPES = YES;
				CLANG_WARN_SUSPICIOUS_MOVE = YES;
				CLANG_WARN_UNGUARDED_AVAILABILITY = YES_AGGRESSIVE;
				CLANG_WARN_UNREACHABLE_CODE = YES;
				CLANG_WARN__DUPLICATE_METHOD_MATCH = YES;
				CODE_SIGN_IDENTITY = "iPhone Developer";
				COPY_PHASE_STRIP = NO;
				DEBUG_INFORMATION_FORMAT = dwarf;
				ENABLE_STRICT_OBJC_MSGSEND = YES;
				ENABLE_TESTABILITY = YES;
				GCC_C_LANGUAGE_STANDARD = gnu11;
				GCC_DYNAMIC_NO_PIC = NO;
				GCC_NO_COMMON_BLOCKS = YES;
				GCC_OPTIMIZATION_LEVEL = 0;
				GCC_PREPROCESSOR_DEFINITIONS = (
					"DEBUG=1",
					"$(inherited)",
				);
				GCC_WARN_64_TO_32_BIT_CONVERSION = YES;
				GCC_WARN_ABOUT_RETURN_TYPE = YES_ERROR;
				GCC_WARN_UNDECLARED_SELECTOR = YES;
				GCC_WARN_UNINITIALIZED_AUTOS = YES_AGGRESSIVE;
				GCC_WARN_UNUSED_FUNCTION = YES;
				GCC_WARN_UNUSED_VARIABLE = YES;
				IPHONEOS_DEPLOYMENT_TARGET = 10.0;
				MTL_ENABLE_DEBUG_INFO = YES;
				ONLY_ACTIVE_ARCH = YES;
				SDKROOT = iphoneos;
				SWIFT_ACTIVE_COMPILATION_CONDITIONS = DEBUG;
				SWIFT_OPTIMIZATION_LEVEL = "-Onone";
			};
			name = Debug;
		};
		1501F6D41F792A19000DCE0B /* Release */ = {
			isa = XCBuildConfiguration;
			buildSettings = {
				ALWAYS_SEARCH_USER_PATHS = NO;
				CLANG_ANALYZER_NONNULL = YES;
				CLANG_ANALYZER_NUMBER_OBJECT_CONVERSION = YES_AGGRESSIVE;
				CLANG_CXX_LANGUAGE_STANDARD = "gnu++14";
				CLANG_CXX_LIBRARY = "libc++";
				CLANG_ENABLE_MODULES = YES;
				CLANG_ENABLE_OBJC_ARC = YES;
				CLANG_WARN_BLOCK_CAPTURE_AUTORELEASING = YES;
				CLANG_WARN_BOOL_CONVERSION = YES;
				CLANG_WARN_COMMA = YES;
				CLANG_WARN_CONSTANT_CONVERSION = YES;
				CLANG_WARN_DIRECT_OBJC_ISA_USAGE = YES_ERROR;
				CLANG_WARN_DOCUMENTATION_COMMENTS = YES;
				CLANG_WARN_EMPTY_BODY = YES;
				CLANG_WARN_ENUM_CONVERSION = YES;
				CLANG_WARN_INFINITE_RECURSION = YES;
				CLANG_WARN_INT_CONVERSION = YES;
				CLANG_WARN_NON_LITERAL_NULL_CONVERSION = YES;
				CLANG_WARN_OBJC_LITERAL_CONVERSION = YES;
				CLANG_WARN_OBJC_ROOT_CLASS = YES_ERROR;
				CLANG_WARN_RANGE_LOOP_ANALYSIS = YES;
				CLANG_WARN_STRICT_PROTOTYPES = YES;
				CLANG_WARN_SUSPICIOUS_MOVE = YES;
				CLANG_WARN_UNGUARDED_AVAILABILITY = YES_AGGRESSIVE;
				CLANG_WARN_UNREACHABLE_CODE = YES;
				CLANG_WARN__DUPLICATE_METHOD_MATCH = YES;
				CODE_SIGN_IDENTITY = "iPhone Developer";
				COPY_PHASE_STRIP = NO;
				DEBUG_INFORMATION_FORMAT = "dwarf-with-dsym";
				ENABLE_NS_ASSERTIONS = NO;
				ENABLE_STRICT_OBJC_MSGSEND = YES;
				GCC_C_LANGUAGE_STANDARD = gnu11;
				GCC_NO_COMMON_BLOCKS = YES;
				GCC_WARN_64_TO_32_BIT_CONVERSION = YES;
				GCC_WARN_ABOUT_RETURN_TYPE = YES_ERROR;
				GCC_WARN_UNDECLARED_SELECTOR = YES;
				GCC_WARN_UNINITIALIZED_AUTOS = YES_AGGRESSIVE;
				GCC_WARN_UNUSED_FUNCTION = YES;
				GCC_WARN_UNUSED_VARIABLE = YES;
				IPHONEOS_DEPLOYMENT_TARGET = 10.0;
				MTL_ENABLE_DEBUG_INFO = NO;
				SDKROOT = iphoneos;
				SWIFT_OPTIMIZATION_LEVEL = "-Owholemodule";
				VALIDATE_PRODUCT = YES;
			};
			name = Release;
		};
		1501F6D61F792A19000DCE0B /* Debug */ = {
			isa = XCBuildConfiguration;
			baseConfigurationReference = 0E923791963465790D28BF41 /* Pods-ChemKeyboard.debug.xcconfig */;
			buildSettings = {
				ALWAYS_EMBED_SWIFT_STANDARD_LIBRARIES = "$(inherited)";
				ASSETCATALOG_COMPILER_APPICON_NAME = AppIcon;
				CODE_SIGN_STYLE = Manual;
				DEVELOPMENT_TEAM = 2EC7R6EALB;
				INFOPLIST_FILE = ChemKeyboard/Configuration/Info.plist;
				LD_RUNPATH_SEARCH_PATHS = "$(inherited) @executable_path/Frameworks";
				PRODUCT_BUNDLE_IDENTIFIER = tech.chemopin.ChemKeyboard;
				PRODUCT_NAME = "$(TARGET_NAME)";
				PROVISIONING_PROFILE = "ba6db7d2-ef5a-4f34-a30c-1535fe1c749e";
				PROVISIONING_PROFILE_SPECIFIER = "ChemKeyboard iOS Development Provisioning Profile";
				SWIFT_VERSION = 4.0;
				TARGETED_DEVICE_FAMILY = "1,2";
			};
			name = Debug;
		};
		1501F6D71F792A19000DCE0B /* Release */ = {
			isa = XCBuildConfiguration;
			baseConfigurationReference = 9E581C5FEAACD12DDB020775 /* Pods-ChemKeyboard.release.xcconfig */;
			buildSettings = {
				ALWAYS_EMBED_SWIFT_STANDARD_LIBRARIES = "$(inherited)";
				ASSETCATALOG_COMPILER_APPICON_NAME = AppIcon;
				CODE_SIGN_STYLE = Manual;
				DEVELOPMENT_TEAM = 2EC7R6EALB;
				INFOPLIST_FILE = ChemKeyboard/Configuration/Info.plist;
				LD_RUNPATH_SEARCH_PATHS = "$(inherited) @executable_path/Frameworks";
				PRODUCT_BUNDLE_IDENTIFIER = tech.chemopin.ChemKeyboard;
				PRODUCT_NAME = "$(TARGET_NAME)";
				PROVISIONING_PROFILE = "ba6db7d2-ef5a-4f34-a30c-1535fe1c749e";
				PROVISIONING_PROFILE_SPECIFIER = "ChemKeyboard iOS Development Provisioning Profile";
				SWIFT_VERSION = 4.0;
				TARGETED_DEVICE_FAMILY = "1,2";
			};
			name = Release;
		};
		15A542371F792B1A00AFB14E /* Debug */ = {
			isa = XCBuildConfiguration;
			baseConfigurationReference = 95B32E252AD372118A0E2B80 /* Pods-Keyboard.debug.xcconfig */;
			buildSettings = {
				CODE_SIGN_STYLE = Manual;
				DEVELOPMENT_TEAM = 2EC7R6EALB;
				INFOPLIST_FILE = Keyboard/Configuration/Info.plist;
				LD_RUNPATH_SEARCH_PATHS = "$(inherited) @executable_path/Frameworks @executable_path/../../Frameworks";
				PRODUCT_BUNDLE_IDENTIFIER = tech.chemopin.ChemKeyboard.Keyboard;
				PRODUCT_NAME = "$(TARGET_NAME)";
				PROVISIONING_PROFILE = "5c005727-e004-4a78-9147-d7c49f55b71c";
				PROVISIONING_PROFILE_SPECIFIER = "ChemKeyboard Keyboard iOS Development Provisioning";
				SKIP_INSTALL = YES;
				SWIFT_VERSION = 4.0;
				TARGETED_DEVICE_FAMILY = "1,2";
			};
			name = Debug;
		};
		15A542381F792B1A00AFB14E /* Release */ = {
			isa = XCBuildConfiguration;
			baseConfigurationReference = F352A39614F5287FBADB819F /* Pods-Keyboard.release.xcconfig */;
			buildSettings = {
				CODE_SIGN_STYLE = Manual;
				DEVELOPMENT_TEAM = 2EC7R6EALB;
				INFOPLIST_FILE = Keyboard/Configuration/Info.plist;
				LD_RUNPATH_SEARCH_PATHS = "$(inherited) @executable_path/Frameworks @executable_path/../../Frameworks";
				PRODUCT_BUNDLE_IDENTIFIER = tech.chemopin.ChemKeyboard.Keyboard;
				PRODUCT_NAME = "$(TARGET_NAME)";
				PROVISIONING_PROFILE = "5c005727-e004-4a78-9147-d7c49f55b71c";
				PROVISIONING_PROFILE_SPECIFIER = "ChemKeyboard Keyboard iOS Development Provisioning";
				SKIP_INSTALL = YES;
				SWIFT_VERSION = 4.0;
				TARGETED_DEVICE_FAMILY = "1,2";
			};
			name = Release;
		};
/* End XCBuildConfiguration section */

/* Begin XCConfigurationList section */
		1501F6BE1F792A18000DCE0B /* Build configuration list for PBXProject "ChemKeyboard" */ = {
			isa = XCConfigurationList;
			buildConfigurations = (
				1501F6D31F792A19000DCE0B /* Debug */,
				1501F6D41F792A19000DCE0B /* Release */,
			);
			defaultConfigurationIsVisible = 0;
			defaultConfigurationName = Release;
		};
		1501F6D51F792A19000DCE0B /* Build configuration list for PBXNativeTarget "ChemKeyboard" */ = {
			isa = XCConfigurationList;
			buildConfigurations = (
				1501F6D61F792A19000DCE0B /* Debug */,
				1501F6D71F792A19000DCE0B /* Release */,
			);
			defaultConfigurationIsVisible = 0;
			defaultConfigurationName = Release;
		};
		15A542391F792B1A00AFB14E /* Build configuration list for PBXNativeTarget "Keyboard" */ = {
			isa = XCConfigurationList;
			buildConfigurations = (
				15A542371F792B1A00AFB14E /* Debug */,
				15A542381F792B1A00AFB14E /* Release */,
			);
			defaultConfigurationIsVisible = 0;
			defaultConfigurationName = Release;
		};
/* End XCConfigurationList section */
	};
	rootObject = 1501F6BB1F792A18000DCE0B /* Project object */;
}
